
Microsoft Visual Studio Solution File, Format Version 12.00
# Visual Studio 14
VisualStudioVersion = 14.0.24720.0
MinimumVisualStudioVersion = 10.0.40219.1
Project("{FAE04EC0-301F-11D3-BF4B-00C04F79EFBC}") = "ENode", "src\eNode\ENode.csproj", "{F884F01A-ED67-4F21-8576-FD2588491B24}"
EndProject
Project("{2150E333-8FDC-42A3-9474-1A3956D46DE8}") = ".nuget", ".nuget", "{473C2B59-B550-48E6-BBAD-EBAA3F5D7B6A}"
	ProjectSection(SolutionItems) = preProject
		.nuget\NuGet.Config = .nuget\NuGet.Config
		.nuget\NuGet.exe = .nuget\NuGet.exe
		.nuget\NuGet.targets = .nuget\NuGet.targets
	EndProjectSection
EndProject
Project("{2150E333-8FDC-42A3-9474-1A3956D46DE8}") = "NoteSample", "NoteSample", "{83E4080A-DD14-472D-9366-4AEBA3FFED7F}"
EndProject
Project("{2150E333-8FDC-42A3-9474-1A3956D46DE8}") = "Samples", "Samples", "{C10D5E3E-F927-4C4F-88D1-57F8D0F2503A}"
EndProject
Project("{2150E333-8FDC-42A3-9474-1A3956D46DE8}") = "PerformanceTests", "PerformanceTests", "{7E8D7B90-DE09-4FDF-8CC8-C73D067A6D31}"
EndProject
Project("{FAE04EC0-301F-11D3-BF4B-00C04F79EFBC}") = "ENode.CommandProcessorPerfTests", "src\PerformanceTests\ENode.CommandProcessorPerfTests\ENode.CommandProcessorPerfTests.csproj", "{9EAF90DD-1B14-4A65-A0AA-37C1E8BBB954}"
EndProject
Project("{FAE04EC0-301F-11D3-BF4B-00C04F79EFBC}") = "ENode.EventStorePerfTests", "src\PerformanceTests\ENode.EventStorePerfTests\ENode.EventStorePerfTests.csproj", "{2808FB4B-2A43-4A56-AE7F-A53793EA802F}"
EndProject
Project("{FAE04EC0-301F-11D3-BF4B-00C04F79EFBC}") = "ENode.PublishEventPerfTests", "src\PerformanceTests\ENode.PublishEventPerfTests\ENode.PublishEventPerfTests.csproj", "{9B71D572-2FDF-41BE-8C38-1317E7632F14}"
EndProject
Project("{FAE04EC0-301F-11D3-BF4B-00C04F79EFBC}") = "ENode.SendCommandPerfTests", "src\PerformanceTests\ENode.SendCommandPerfTests\ENode.SendCommandPerfTests.csproj", "{69322951-8ABC-4C13-8E0C-D8AEECF62E66}"
EndProject
Project("{2150E333-8FDC-42A3-9474-1A3956D46DE8}") = "BankTransferSample", "BankTransferSample", "{D32CB873-956D-44B5-BDDD-BF103F2E2ECD}"
EndProject
Project("{2150E333-8FDC-42A3-9474-1A3956D46DE8}") = "E12306", "E12306", "{5FC173CC-F107-4885-A41D-3A0F0480786F}"
EndProject
Project("{FAE04EC0-301F-11D3-BF4B-00C04F79EFBC}") = "E12306.Domain", "src\Samples\E12306\E12306.Domain\E12306.Domain.csproj", "{D2EF9AC8-779A-449E-9759-64931EB31D6B}"
EndProject
Project("{FAE04EC0-301F-11D3-BF4B-00C04F79EFBC}") = "E12306.Console", "src\Samples\E12306\E12306.Console\E12306.Console.csproj", "{94DF61EF-AE3D-41AD-AEC0-0708F22F7801}"
EndProject
Project("{FAE04EC0-301F-11D3-BF4B-00C04F79EFBC}") = "BankTransferSample", "src\Samples\BankTransferSample\BankTransferSample.csproj", "{63EAC41D-65DA-4E14-95B0-BEAE86442F4F}"
EndProject
Project("{FAE04EC0-301F-11D3-BF4B-00C04F79EFBC}") = "NoteSample.Domain", "src\Samples\NoteSample\NoteSample.Domain\NoteSample.Domain.csproj", "{51C698D5-8CCF-468B-8C4E-DB615B4463C1}"
EndProject
Project("{FAE04EC0-301F-11D3-BF4B-00C04F79EFBC}") = "NoteSample.Commands", "src\Samples\NoteSample\NoteSample.Commands\NoteSample.Commands.csproj", "{4048FE0B-50A6-46AD-B633-0E65883E8C3E}"
EndProject
Project("{FAE04EC0-301F-11D3-BF4B-00C04F79EFBC}") = "NoteSample.CommandHandlers", "src\Samples\NoteSample\NoteSample.CommandHandlers\NoteSample.CommandHandlers.csproj", "{33A00A93-90BB-40FC-93C4-B35296DA0EA2}"
EndProject
Project("{FAE04EC0-301F-11D3-BF4B-00C04F79EFBC}") = "NoteSample.QuickStart", "src\Samples\NoteSample\NoteSample.QuickStart\NoteSample.QuickStart.csproj", "{0F069E27-C089-4EF1-B466-84C78EBA83AD}"
EndProject
Project("{FAE04EC0-301F-11D3-BF4B-00C04F79EFBC}") = "ENode.Tests", "src\ENode.Tests\ENode.Tests.csproj", "{DECA267E-BB59-454F-AF05-35252AC1356B}"
EndProject
Global
	GlobalSection(SolutionConfigurationPlatforms) = preSolution
		Debug|Any CPU = Debug|Any CPU
		Debug|Mixed Platforms = Debug|Mixed Platforms
		Debug|x86 = Debug|x86
		Release|Any CPU = Release|Any CPU
		Release|Mixed Platforms = Release|Mixed Platforms
		Release|x86 = Release|x86
	EndGlobalSection
	GlobalSection(ProjectConfigurationPlatforms) = postSolution
		{F884F01A-ED67-4F21-8576-FD2588491B24}.Debug|Any CPU.ActiveCfg = Debug|Any CPU
		{F884F01A-ED67-4F21-8576-FD2588491B24}.Debug|Any CPU.Build.0 = Debug|Any CPU
		{F884F01A-ED67-4F21-8576-FD2588491B24}.Debug|Mixed Platforms.ActiveCfg = Debug|Any CPU
		{F884F01A-ED67-4F21-8576-FD2588491B24}.Debug|Mixed Platforms.Build.0 = Debug|Any CPU
		{F884F01A-ED67-4F21-8576-FD2588491B24}.Debug|x86.ActiveCfg = Debug|Any CPU
		{F884F01A-ED67-4F21-8576-FD2588491B24}.Release|Any CPU.ActiveCfg = Release|Any CPU
		{F884F01A-ED67-4F21-8576-FD2588491B24}.Release|Any CPU.Build.0 = Release|Any CPU
		{F884F01A-ED67-4F21-8576-FD2588491B24}.Release|Mixed Platforms.ActiveCfg = Release|Any CPU
		{F884F01A-ED67-4F21-8576-FD2588491B24}.Release|Mixed Platforms.Build.0 = Release|Any CPU
		{F884F01A-ED67-4F21-8576-FD2588491B24}.Release|x86.ActiveCfg = Release|Any CPU
		{9EAF90DD-1B14-4A65-A0AA-37C1E8BBB954}.Debug|Any CPU.ActiveCfg = Debug|Any CPU
		{9EAF90DD-1B14-4A65-A0AA-37C1E8BBB954}.Debug|Any CPU.Build.0 = Debug|Any CPU
		{9EAF90DD-1B14-4A65-A0AA-37C1E8BBB954}.Debug|Mixed Platforms.ActiveCfg = Debug|Any CPU
		{9EAF90DD-1B14-4A65-A0AA-37C1E8BBB954}.Debug|Mixed Platforms.Build.0 = Debug|Any CPU
		{9EAF90DD-1B14-4A65-A0AA-37C1E8BBB954}.Debug|x86.ActiveCfg = Debug|Any CPU
		{9EAF90DD-1B14-4A65-A0AA-37C1E8BBB954}.Debug|x86.Build.0 = Debug|Any CPU
		{9EAF90DD-1B14-4A65-A0AA-37C1E8BBB954}.Release|Any CPU.ActiveCfg = Release|Any CPU
		{9EAF90DD-1B14-4A65-A0AA-37C1E8BBB954}.Release|Any CPU.Build.0 = Release|Any CPU
		{9EAF90DD-1B14-4A65-A0AA-37C1E8BBB954}.Release|Mixed Platforms.ActiveCfg = Release|Any CPU
		{9EAF90DD-1B14-4A65-A0AA-37C1E8BBB954}.Release|Mixed Platforms.Build.0 = Release|Any CPU
		{9EAF90DD-1B14-4A65-A0AA-37C1E8BBB954}.Release|x86.ActiveCfg = Release|Any CPU
		{9EAF90DD-1B14-4A65-A0AA-37C1E8BBB954}.Release|x86.Build.0 = Release|Any CPU
		{2808FB4B-2A43-4A56-AE7F-A53793EA802F}.Debug|Any CPU.ActiveCfg = Debug|Any CPU
		{2808FB4B-2A43-4A56-AE7F-A53793EA802F}.Debug|Any CPU.Build.0 = Debug|Any CPU
		{2808FB4B-2A43-4A56-AE7F-A53793EA802F}.Debug|Mixed Platforms.ActiveCfg = Debug|Any CPU
		{2808FB4B-2A43-4A56-AE7F-A53793EA802F}.Debug|Mixed Platforms.Build.0 = Debug|Any CPU
		{2808FB4B-2A43-4A56-AE7F-A53793EA802F}.Debug|x86.ActiveCfg = Debug|Any CPU
		{2808FB4B-2A43-4A56-AE7F-A53793EA802F}.Debug|x86.Build.0 = Debug|Any CPU
		{2808FB4B-2A43-4A56-AE7F-A53793EA802F}.Release|Any CPU.ActiveCfg = Release|Any CPU
		{2808FB4B-2A43-4A56-AE7F-A53793EA802F}.Release|Any CPU.Build.0 = Release|Any CPU
		{2808FB4B-2A43-4A56-AE7F-A53793EA802F}.Release|Mixed Platforms.ActiveCfg = Release|Any CPU
		{2808FB4B-2A43-4A56-AE7F-A53793EA802F}.Release|Mixed Platforms.Build.0 = Release|Any CPU
		{2808FB4B-2A43-4A56-AE7F-A53793EA802F}.Release|x86.ActiveCfg = Release|Any CPU
		{2808FB4B-2A43-4A56-AE7F-A53793EA802F}.Release|x86.Build.0 = Release|Any CPU
		{9B71D572-2FDF-41BE-8C38-1317E7632F14}.Debug|Any CPU.ActiveCfg = Debug|Any CPU
		{9B71D572-2FDF-41BE-8C38-1317E7632F14}.Debug|Any CPU.Build.0 = Debug|Any CPU
		{9B71D572-2FDF-41BE-8C38-1317E7632F14}.Debug|Mixed Platforms.ActiveCfg = Debug|Any CPU
		{9B71D572-2FDF-41BE-8C38-1317E7632F14}.Debug|Mixed Platforms.Build.0 = Debug|Any CPU
		{9B71D572-2FDF-41BE-8C38-1317E7632F14}.Debug|x86.ActiveCfg = Debug|Any CPU
		{9B71D572-2FDF-41BE-8C38-1317E7632F14}.Debug|x86.Build.0 = Debug|Any CPU
		{9B71D572-2FDF-41BE-8C38-1317E7632F14}.Release|Any CPU.ActiveCfg = Release|Any CPU
		{9B71D572-2FDF-41BE-8C38-1317E7632F14}.Release|Any CPU.Build.0 = Release|Any CPU
		{9B71D572-2FDF-41BE-8C38-1317E7632F14}.Release|Mixed Platforms.ActiveCfg = Release|Any CPU
		{9B71D572-2FDF-41BE-8C38-1317E7632F14}.Release|Mixed Platforms.Build.0 = Release|Any CPU
		{9B71D572-2FDF-41BE-8C38-1317E7632F14}.Release|x86.ActiveCfg = Release|Any CPU
		{9B71D572-2FDF-41BE-8C38-1317E7632F14}.Release|x86.Build.0 = Release|Any CPU
		{69322951-8ABC-4C13-8E0C-D8AEECF62E66}.Debug|Any CPU.ActiveCfg = Debug|Any CPU
		{69322951-8ABC-4C13-8E0C-D8AEECF62E66}.Debug|Any CPU.Build.0 = Debug|Any CPU
		{69322951-8ABC-4C13-8E0C-D8AEECF62E66}.Debug|Mixed Platforms.ActiveCfg = Debug|Any CPU
		{69322951-8ABC-4C13-8E0C-D8AEECF62E66}.Debug|Mixed Platforms.Build.0 = Debug|Any CPU
		{69322951-8ABC-4C13-8E0C-D8AEECF62E66}.Debug|x86.ActiveCfg = Debug|Any CPU
		{69322951-8ABC-4C13-8E0C-D8AEECF62E66}.Debug|x86.Build.0 = Debug|Any CPU
		{69322951-8ABC-4C13-8E0C-D8AEECF62E66}.Release|Any CPU.ActiveCfg = Release|Any CPU
		{69322951-8ABC-4C13-8E0C-D8AEECF62E66}.Release|Any CPU.Build.0 = Release|Any CPU
		{69322951-8ABC-4C13-8E0C-D8AEECF62E66}.Release|Mixed Platforms.ActiveCfg = Release|Any CPU
		{69322951-8ABC-4C13-8E0C-D8AEECF62E66}.Release|Mixed Platforms.Build.0 = Release|Any CPU
		{69322951-8ABC-4C13-8E0C-D8AEECF62E66}.Release|x86.ActiveCfg = Release|Any CPU
		{69322951-8ABC-4C13-8E0C-D8AEECF62E66}.Release|x86.Build.0 = Release|Any CPU
		{D2EF9AC8-779A-449E-9759-64931EB31D6B}.Debug|Any CPU.ActiveCfg = Debug|Any CPU
		{D2EF9AC8-779A-449E-9759-64931EB31D6B}.Debug|Any CPU.Build.0 = Debug|Any CPU
		{D2EF9AC8-779A-449E-9759-64931EB31D6B}.Debug|Mixed Platforms.ActiveCfg = Debug|Any CPU
		{D2EF9AC8-779A-449E-9759-64931EB31D6B}.Debug|Mixed Platforms.Build.0 = Debug|Any CPU
		{D2EF9AC8-779A-449E-9759-64931EB31D6B}.Debug|x86.ActiveCfg = Debug|Any CPU
		{D2EF9AC8-779A-449E-9759-64931EB31D6B}.Debug|x86.Build.0 = Debug|Any CPU
		{D2EF9AC8-779A-449E-9759-64931EB31D6B}.Release|Any CPU.ActiveCfg = Release|Any CPU
		{D2EF9AC8-779A-449E-9759-64931EB31D6B}.Release|Any CPU.Build.0 = Release|Any CPU
		{D2EF9AC8-779A-449E-9759-64931EB31D6B}.Release|Mixed Platforms.ActiveCfg = Release|Any CPU
		{D2EF9AC8-779A-449E-9759-64931EB31D6B}.Release|Mixed Platforms.Build.0 = Release|Any CPU
		{D2EF9AC8-779A-449E-9759-64931EB31D6B}.Release|x86.ActiveCfg = Release|Any CPU
		{D2EF9AC8-779A-449E-9759-64931EB31D6B}.Release|x86.Build.0 = Release|Any CPU
		{94DF61EF-AE3D-41AD-AEC0-0708F22F7801}.Debug|Any CPU.ActiveCfg = Debug|Any CPU
		{94DF61EF-AE3D-41AD-AEC0-0708F22F7801}.Debug|Any CPU.Build.0 = Debug|Any CPU
		{94DF61EF-AE3D-41AD-AEC0-0708F22F7801}.Debug|Mixed Platforms.ActiveCfg = Debug|Any CPU
		{94DF61EF-AE3D-41AD-AEC0-0708F22F7801}.Debug|Mixed Platforms.Build.0 = Debug|Any CPU
		{94DF61EF-AE3D-41AD-AEC0-0708F22F7801}.Debug|x86.ActiveCfg = Debug|Any CPU
		{94DF61EF-AE3D-41AD-AEC0-0708F22F7801}.Debug|x86.Build.0 = Debug|Any CPU
		{94DF61EF-AE3D-41AD-AEC0-0708F22F7801}.Release|Any CPU.ActiveCfg = Release|Any CPU
		{94DF61EF-AE3D-41AD-AEC0-0708F22F7801}.Release|Any CPU.Build.0 = Release|Any CPU
		{94DF61EF-AE3D-41AD-AEC0-0708F22F7801}.Release|Mixed Platforms.ActiveCfg = Release|Any CPU
		{94DF61EF-AE3D-41AD-AEC0-0708F22F7801}.Release|Mixed Platforms.Build.0 = Release|Any CPU
		{94DF61EF-AE3D-41AD-AEC0-0708F22F7801}.Release|x86.ActiveCfg = Release|Any CPU
		{94DF61EF-AE3D-41AD-AEC0-0708F22F7801}.Release|x86.Build.0 = Release|Any CPU
		{63EAC41D-65DA-4E14-95B0-BEAE86442F4F}.Debug|Any CPU.ActiveCfg = Debug|Any CPU
		{63EAC41D-65DA-4E14-95B0-BEAE86442F4F}.Debug|Any CPU.Build.0 = Debug|Any CPU
		{63EAC41D-65DA-4E14-95B0-BEAE86442F4F}.Debug|Mixed Platforms.ActiveCfg = Debug|Any CPU
		{63EAC41D-65DA-4E14-95B0-BEAE86442F4F}.Debug|Mixed Platforms.Build.0 = Debug|Any CPU
		{63EAC41D-65DA-4E14-95B0-BEAE86442F4F}.Debug|x86.ActiveCfg = Debug|Any CPU
		{63EAC41D-65DA-4E14-95B0-BEAE86442F4F}.Debug|x86.Build.0 = Debug|Any CPU
		{63EAC41D-65DA-4E14-95B0-BEAE86442F4F}.Release|Any CPU.ActiveCfg = Release|Any CPU
		{63EAC41D-65DA-4E14-95B0-BEAE86442F4F}.Release|Any CPU.Build.0 = Release|Any CPU
		{63EAC41D-65DA-4E14-95B0-BEAE86442F4F}.Release|Mixed Platforms.ActiveCfg = Release|Any CPU
		{63EAC41D-65DA-4E14-95B0-BEAE86442F4F}.Release|Mixed Platforms.Build.0 = Release|Any CPU
		{63EAC41D-65DA-4E14-95B0-BEAE86442F4F}.Release|x86.ActiveCfg = Release|Any CPU
		{63EAC41D-65DA-4E14-95B0-BEAE86442F4F}.Release|x86.Build.0 = Release|Any CPU
		{51C698D5-8CCF-468B-8C4E-DB615B4463C1}.Debug|Any CPU.ActiveCfg = Debug|Any CPU
		{51C698D5-8CCF-468B-8C4E-DB615B4463C1}.Debug|Any CPU.Build.0 = Debug|Any CPU
		{51C698D5-8CCF-468B-8C4E-DB615B4463C1}.Debug|Mixed Platforms.ActiveCfg = Debug|Any CPU
		{51C698D5-8CCF-468B-8C4E-DB615B4463C1}.Debug|Mixed Platforms.Build.0 = Debug|Any CPU
		{51C698D5-8CCF-468B-8C4E-DB615B4463C1}.Debug|x86.ActiveCfg = Debug|Any CPU
		{51C698D5-8CCF-468B-8C4E-DB615B4463C1}.Debug|x86.Build.0 = Debug|Any CPU
		{51C698D5-8CCF-468B-8C4E-DB615B4463C1}.Release|Any CPU.ActiveCfg = Release|Any CPU
		{51C698D5-8CCF-468B-8C4E-DB615B4463C1}.Release|Any CPU.Build.0 = Release|Any CPU
		{51C698D5-8CCF-468B-8C4E-DB615B4463C1}.Release|Mixed Platforms.ActiveCfg = Release|Any CPU
		{51C698D5-8CCF-468B-8C4E-DB615B4463C1}.Release|Mixed Platforms.Build.0 = Release|Any CPU
		{51C698D5-8CCF-468B-8C4E-DB615B4463C1}.Release|x86.ActiveCfg = Release|Any CPU
		{51C698D5-8CCF-468B-8C4E-DB615B4463C1}.Release|x86.Build.0 = Release|Any CPU
		{4048FE0B-50A6-46AD-B633-0E65883E8C3E}.Debug|Any CPU.ActiveCfg = Debug|Any CPU
		{4048FE0B-50A6-46AD-B633-0E65883E8C3E}.Debug|Any CPU.Build.0 = Debug|Any CPU
		{4048FE0B-50A6-46AD-B633-0E65883E8C3E}.Debug|Mixed Platforms.ActiveCfg = Debug|Any CPU
		{4048FE0B-50A6-46AD-B633-0E65883E8C3E}.Debug|Mixed Platforms.Build.0 = Debug|Any CPU
		{4048FE0B-50A6-46AD-B633-0E65883E8C3E}.Debug|x86.ActiveCfg = Debug|Any CPU
		{4048FE0B-50A6-46AD-B633-0E65883E8C3E}.Debug|x86.Build.0 = Debug|Any CPU
		{4048FE0B-50A6-46AD-B633-0E65883E8C3E}.Release|Any CPU.ActiveCfg = Release|Any CPU
		{4048FE0B-50A6-46AD-B633-0E65883E8C3E}.Release|Any CPU.Build.0 = Release|Any CPU
		{4048FE0B-50A6-46AD-B633-0E65883E8C3E}.Release|Mixed Platforms.ActiveCfg = Release|Any CPU
		{4048FE0B-50A6-46AD-B633-0E65883E8C3E}.Release|Mixed Platforms.Build.0 = Release|Any CPU
		{4048FE0B-50A6-46AD-B633-0E65883E8C3E}.Release|x86.ActiveCfg = Release|Any CPU
		{4048FE0B-50A6-46AD-B633-0E65883E8C3E}.Release|x86.Build.0 = Release|Any CPU
		{33A00A93-90BB-40FC-93C4-B35296DA0EA2}.Debug|Any CPU.ActiveCfg = Debug|Any CPU
		{33A00A93-90BB-40FC-93C4-B35296DA0EA2}.Debug|Any CPU.Build.0 = Debug|Any CPU
		{33A00A93-90BB-40FC-93C4-B35296DA0EA2}.Debug|Mixed Platforms.ActiveCfg = Debug|Any CPU
		{33A00A93-90BB-40FC-93C4-B35296DA0EA2}.Debug|Mixed Platforms.Build.0 = Debug|Any CPU
		{33A00A93-90BB-40FC-93C4-B35296DA0EA2}.Debug|x86.ActiveCfg = Debug|Any CPU
		{33A00A93-90BB-40FC-93C4-B35296DA0EA2}.Debug|x86.Build.0 = Debug|Any CPU
		{33A00A93-90BB-40FC-93C4-B35296DA0EA2}.Release|Any CPU.ActiveCfg = Release|Any CPU
		{33A00A93-90BB-40FC-93C4-B35296DA0EA2}.Release|Any CPU.Build.0 = Release|Any CPU
		{33A00A93-90BB-40FC-93C4-B35296DA0EA2}.Release|Mixed Platforms.ActiveCfg = Release|Any CPU
		{33A00A93-90BB-40FC-93C4-B35296DA0EA2}.Release|Mixed Platforms.Build.0 = Release|Any CPU
		{33A00A93-90BB-40FC-93C4-B35296DA0EA2}.Release|x86.ActiveCfg = Release|Any CPU
		{33A00A93-90BB-40FC-93C4-B35296DA0EA2}.Release|x86.Build.0 = Release|Any CPU
		{0F069E27-C089-4EF1-B466-84C78EBA83AD}.Debug|Any CPU.ActiveCfg = Debug|Any CPU
		{0F069E27-C089-4EF1-B466-84C78EBA83AD}.Debug|Any CPU.Build.0 = Debug|Any CPU
		{0F069E27-C089-4EF1-B466-84C78EBA83AD}.Debug|Mixed Platforms.ActiveCfg = Debug|Any CPU
		{0F069E27-C089-4EF1-B466-84C78EBA83AD}.Debug|Mixed Platforms.Build.0 = Debug|Any CPU
		{0F069E27-C089-4EF1-B466-84C78EBA83AD}.Debug|x86.ActiveCfg = Debug|Any CPU
		{0F069E27-C089-4EF1-B466-84C78EBA83AD}.Debug|x86.Build.0 = Debug|Any CPU
		{0F069E27-C089-4EF1-B466-84C78EBA83AD}.Release|Any CPU.ActiveCfg = Release|Any CPU
		{0F069E27-C089-4EF1-B466-84C78EBA83AD}.Release|Any CPU.Build.0 = Release|Any CPU
		{0F069E27-C089-4EF1-B466-84C78EBA83AD}.Release|Mixed Platforms.ActiveCfg = Release|Any CPU
		{0F069E27-C089-4EF1-B466-84C78EBA83AD}.Release|Mixed Platforms.Build.0 = Release|Any CPU
		{0F069E27-C089-4EF1-B466-84C78EBA83AD}.Release|x86.ActiveCfg = Release|Any CPU
		{0F069E27-C089-4EF1-B466-84C78EBA83AD}.Release|x86.Build.0 = Release|Any CPU
		{DECA267E-BB59-454F-AF05-35252AC1356B}.Debug|Any CPU.ActiveCfg = Debug|Any CPU
		{DECA267E-BB59-454F-AF05-35252AC1356B}.Debug|Any CPU.Build.0 = Debug|Any CPU
		{DECA267E-BB59-454F-AF05-35252AC1356B}.Debug|Mixed Platforms.ActiveCfg = Debug|Any CPU
		{DECA267E-BB59-454F-AF05-35252AC1356B}.Debug|Mixed Platforms.Build.0 = Debug|Any CPU
		{DECA267E-BB59-454F-AF05-35252AC1356B}.Debug|x86.ActiveCfg = Debug|Any CPU
		{DECA267E-BB59-454F-AF05-35252AC1356B}.Debug|x86.Build.0 = Debug|Any CPU
		{DECA267E-BB59-454F-AF05-35252AC1356B}.Release|Any CPU.ActiveCfg = Release|Any CPU
		{DECA267E-BB59-454F-AF05-35252AC1356B}.Release|Any CPU.Build.0 = Release|Any CPU
		{DECA267E-BB59-454F-AF05-35252AC1356B}.Release|Mixed Platforms.ActiveCfg = Release|Any CPU
		{DECA267E-BB59-454F-AF05-35252AC1356B}.Release|Mixed Platforms.Build.0 = Release|Any CPU
		{DECA267E-BB59-454F-AF05-35252AC1356B}.Release|x86.ActiveCfg = Release|Any CPU
		{DECA267E-BB59-454F-AF05-35252AC1356B}.Release|x86.Build.0 = Release|Any CPU
	EndGlobalSection
	GlobalSection(SolutionProperties) = preSolution
		HideSolutionNode = FALSE
	EndGlobalSection
	GlobalSection(NestedProjects) = preSolution
		{83E4080A-DD14-472D-9366-4AEBA3FFED7F} = {C10D5E3E-F927-4C4F-88D1-57F8D0F2503A}
		{9EAF90DD-1B14-4A65-A0AA-37C1E8BBB954} = {7E8D7B90-DE09-4FDF-8CC8-C73D067A6D31}
		{2808FB4B-2A43-4A56-AE7F-A53793EA802F} = {7E8D7B90-DE09-4FDF-8CC8-C73D067A6D31}
		{9B71D572-2FDF-41BE-8C38-1317E7632F14} = {7E8D7B90-DE09-4FDF-8CC8-C73D067A6D31}
		{69322951-8ABC-4C13-8E0C-D8AEECF62E66} = {7E8D7B90-DE09-4FDF-8CC8-C73D067A6D31}
		{D32CB873-956D-44B5-BDDD-BF103F2E2ECD} = {C10D5E3E-F927-4C4F-88D1-57F8D0F2503A}
		{5FC173CC-F107-4885-A41D-3A0F0480786F} = {C10D5E3E-F927-4C4F-88D1-57F8D0F2503A}
		{D2EF9AC8-779A-449E-9759-64931EB31D6B} = {5FC173CC-F107-4885-A41D-3A0F0480786F}
		{94DF61EF-AE3D-41AD-AEC0-0708F22F7801} = {5FC173CC-F107-4885-A41D-3A0F0480786F}
		{63EAC41D-65DA-4E14-95B0-BEAE86442F4F} = {D32CB873-956D-44B5-BDDD-BF103F2E2ECD}
		{51C698D5-8CCF-468B-8C4E-DB615B4463C1} = {83E4080A-DD14-472D-9366-4AEBA3FFED7F}
		{4048FE0B-50A6-46AD-B633-0E65883E8C3E} = {83E4080A-DD14-472D-9366-4AEBA3FFED7F}
		{33A00A93-90BB-40FC-93C4-B35296DA0EA2} = {83E4080A-DD14-472D-9366-4AEBA3FFED7F}
		{0F069E27-C089-4EF1-B466-84C78EBA83AD} = {83E4080A-DD14-472D-9366-4AEBA3FFED7F}
	EndGlobalSection
	GlobalSection(ExtensibilityGlobals) = postSolution
		EnterpriseLibraryConfigurationToolBinariesPath = packages\Unity.2.1.505.2\lib\NET35
	EndGlobalSection
EndGlobal
