
Microsoft Visual Studio Solution File, Format Version 12.00
# Visual Studio Version 17
VisualStudioVersion = 17.0.31521.260
MinimumVisualStudioVersion = 10.0.40219.1
Project("{9A19103F-16F7-4668-BE54-9A1E7A4F7556}") = "ENode", "src\ENode\ENode.csproj", "{F853E9B9-924D-4F87-A2D0-FBCF7F7418B5}"
EndProject
Project("{2150E333-8FDC-42A3-9474-1A3956D46DE8}") = "PerformanceTests", "PerformanceTests", "{D919683C-871B-4060-AEAD-37F6743BCC4A}"
EndProject
Project("{2150E333-8FDC-42A3-9474-1A3956D46DE8}") = "Samples", "Samples", "{5B28C47A-7F2D-4AEE-8D97-36368AF26B08}"
EndProject
Project("{9A19103F-16F7-4668-BE54-9A1E7A4F7556}") = "BankTransferSample", "src\Samples\BankTransferSample\BankTransferSample.csproj", "{D6782F60-672D-4B31-A3B6-5E3484DFD267}"
EndProject
Project("{9A19103F-16F7-4668-BE54-9A1E7A4F7556}") = "ENode.CommandProcessorPerfTests", "src\PerformanceTests\ENode.CommandProcessorPerfTests\ENode.CommandProcessorPerfTests.csproj", "{4EA8FEEF-775C-4D6C-92EC-8698365A69F9}"
EndProject
Project("{2150E333-8FDC-42A3-9474-1A3956D46DE8}") = "NoteSample", "NoteSample", "{455C4FF1-6E7F-42DF-8FF8-2B3679D2E1FF}"
EndProject
Project("{9A19103F-16F7-4668-BE54-9A1E7A4F7556}") = "NoteSample.Domain", "src\Samples\NoteSample\NoteSample.Domain\NoteSample.Domain.csproj", "{9A318DED-DD96-4906-858B-7A18E254FAFE}"
EndProject
Project("{9A19103F-16F7-4668-BE54-9A1E7A4F7556}") = "NoteSample.CommandHandlers", "src\Samples\NoteSample\NoteSample.CommandHandlers\NoteSample.CommandHandlers.csproj", "{CA62DCA9-0F77-4C08-BC6A-7EECE2ED76F0}"
EndProject
Project("{9A19103F-16F7-4668-BE54-9A1E7A4F7556}") = "NoteSample.Commands", "src\Samples\NoteSample\NoteSample.Commands\NoteSample.Commands.csproj", "{2B9CFBB7-68C3-494C-9605-9567193F7833}"
EndProject
Project("{9A19103F-16F7-4668-BE54-9A1E7A4F7556}") = "NoteSample.QuickStart", "src\Samples\NoteSample\NoteSample.QuickStart\NoteSample.QuickStart.csproj", "{6BC4BD1D-626E-4B57-B16F-40F68EBCED8A}"
EndProject
Project("{9A19103F-16F7-4668-BE54-9A1E7A4F7556}") = "ENode.SendCommandPerfTests", "src\PerformanceTests\ENode.SendCommandPerfTests\ENode.SendCommandPerfTests.csproj", "{C9C1D16D-1509-4E46-BF4A-2F793540CA87}"
EndProject
Project("{9A19103F-16F7-4668-BE54-9A1E7A4F7556}") = "ENode.PublishEventPerfTests", "src\PerformanceTests\ENode.PublishEventPerfTests\ENode.PublishEventPerfTests.csproj", "{0E21C0FD-1498-4EEB-A5F0-38513650D3E7}"
EndProject
Project("{9A19103F-16F7-4668-BE54-9A1E7A4F7556}") = "ENode.EQueue", "src\ENode.EQueue\ENode.EQueue.csproj", "{1471287A-9AF1-4C51-86A1-351C867E01EA}"
EndProject
Project("{9A19103F-16F7-4668-BE54-9A1E7A4F7556}") = "ENode.SqlServer", "src\ENode.SqlServer\ENode.SqlServer.csproj", "{44FD45C5-BAF3-4305-8720-8D0AEEAB2203}"
EndProject
Project("{9A19103F-16F7-4668-BE54-9A1E7A4F7556}") = "ENode.MySQL", "src\ENode.MySQL\ENode.MySQL.csproj", "{27ED65CD-2BE4-4AE3-9D42-A2F4FDEA703C}"
EndProject
Project("{2150E333-8FDC-42A3-9474-1A3956D46DE8}") = "Extensions", "Extensions", "{665B7F8A-7363-4D26-BBCF-9A72B0F1F275}"
EndProject
Project("{9A19103F-16F7-4668-BE54-9A1E7A4F7556}") = "ENode.EventStorePerfTests", "src\PerformanceTests\ENode.EventStorePerfTests\ENode.EventStorePerfTests.csproj", "{30995C89-C3C6-48CD-A187-1B76414022A3}"
EndProject
Project("{9A19103F-16F7-4668-BE54-9A1E7A4F7556}") = "ENode.Tests", "src\ENode.Tests\ENode.Tests.csproj", "{D8847270-4D67-40C3-A3F7-70F06E28B111}"
EndProject
Global
	GlobalSection(SolutionConfigurationPlatforms) = preSolution
		Debug|Any CPU = Debug|Any CPU
		Release|Any CPU = Release|Any CPU
	EndGlobalSection
	GlobalSection(ProjectConfigurationPlatforms) = postSolution
		{F853E9B9-924D-4F87-A2D0-FBCF7F7418B5}.Debug|Any CPU.ActiveCfg = Debug|Any CPU
		{F853E9B9-924D-4F87-A2D0-FBCF7F7418B5}.Debug|Any CPU.Build.0 = Debug|Any CPU
		{F853E9B9-924D-4F87-A2D0-FBCF7F7418B5}.Release|Any CPU.ActiveCfg = Release|Any CPU
		{F853E9B9-924D-4F87-A2D0-FBCF7F7418B5}.Release|Any CPU.Build.0 = Release|Any CPU
		{D6782F60-672D-4B31-A3B6-5E3484DFD267}.Debug|Any CPU.ActiveCfg = Debug|Any CPU
		{D6782F60-672D-4B31-A3B6-5E3484DFD267}.Debug|Any CPU.Build.0 = Debug|Any CPU
		{D6782F60-672D-4B31-A3B6-5E3484DFD267}.Release|Any CPU.ActiveCfg = Release|Any CPU
		{D6782F60-672D-4B31-A3B6-5E3484DFD267}.Release|Any CPU.Build.0 = Release|Any CPU
		{4EA8FEEF-775C-4D6C-92EC-8698365A69F9}.Debug|Any CPU.ActiveCfg = Debug|Any CPU
		{4EA8FEEF-775C-4D6C-92EC-8698365A69F9}.Debug|Any CPU.Build.0 = Debug|Any CPU
		{4EA8FEEF-775C-4D6C-92EC-8698365A69F9}.Release|Any CPU.ActiveCfg = Release|Any CPU
		{4EA8FEEF-775C-4D6C-92EC-8698365A69F9}.Release|Any CPU.Build.0 = Release|Any CPU
		{9A318DED-DD96-4906-858B-7A18E254FAFE}.Debug|Any CPU.ActiveCfg = Debug|Any CPU
		{9A318DED-DD96-4906-858B-7A18E254FAFE}.Debug|Any CPU.Build.0 = Debug|Any CPU
		{9A318DED-DD96-4906-858B-7A18E254FAFE}.Release|Any CPU.ActiveCfg = Release|Any CPU
		{9A318DED-DD96-4906-858B-7A18E254FAFE}.Release|Any CPU.Build.0 = Release|Any CPU
		{CA62DCA9-0F77-4C08-BC6A-7EECE2ED76F0}.Debug|Any CPU.ActiveCfg = Debug|Any CPU
		{CA62DCA9-0F77-4C08-BC6A-7EECE2ED76F0}.Debug|Any CPU.Build.0 = Debug|Any CPU
		{CA62DCA9-0F77-4C08-BC6A-7EECE2ED76F0}.Release|Any CPU.ActiveCfg = Release|Any CPU
		{CA62DCA9-0F77-4C08-BC6A-7EECE2ED76F0}.Release|Any CPU.Build.0 = Release|Any CPU
		{2B9CFBB7-68C3-494C-9605-9567193F7833}.Debug|Any CPU.ActiveCfg = Debug|Any CPU
		{2B9CFBB7-68C3-494C-9605-9567193F7833}.Debug|Any CPU.Build.0 = Debug|Any CPU
		{2B9CFBB7-68C3-494C-9605-9567193F7833}.Release|Any CPU.ActiveCfg = Release|Any CPU
		{2B9CFBB7-68C3-494C-9605-9567193F7833}.Release|Any CPU.Build.0 = Release|Any CPU
		{6BC4BD1D-626E-4B57-B16F-40F68EBCED8A}.Debug|Any CPU.ActiveCfg = Debug|Any CPU
		{6BC4BD1D-626E-4B57-B16F-40F68EBCED8A}.Debug|Any CPU.Build.0 = Debug|Any CPU
		{6BC4BD1D-626E-4B57-B16F-40F68EBCED8A}.Release|Any CPU.ActiveCfg = Release|Any CPU
		{6BC4BD1D-626E-4B57-B16F-40F68EBCED8A}.Release|Any CPU.Build.0 = Release|Any CPU
		{C9C1D16D-1509-4E46-BF4A-2F793540CA87}.Debug|Any CPU.ActiveCfg = Debug|Any CPU
		{C9C1D16D-1509-4E46-BF4A-2F793540CA87}.Debug|Any CPU.Build.0 = Debug|Any CPU
		{C9C1D16D-1509-4E46-BF4A-2F793540CA87}.Release|Any CPU.ActiveCfg = Release|Any CPU
		{C9C1D16D-1509-4E46-BF4A-2F793540CA87}.Release|Any CPU.Build.0 = Release|Any CPU
		{0E21C0FD-1498-4EEB-A5F0-38513650D3E7}.Debug|Any CPU.ActiveCfg = Debug|Any CPU
		{0E21C0FD-1498-4EEB-A5F0-38513650D3E7}.Debug|Any CPU.Build.0 = Debug|Any CPU
		{0E21C0FD-1498-4EEB-A5F0-38513650D3E7}.Release|Any CPU.ActiveCfg = Release|Any CPU
		{0E21C0FD-1498-4EEB-A5F0-38513650D3E7}.Release|Any CPU.Build.0 = Release|Any CPU
		{1471287A-9AF1-4C51-86A1-351C867E01EA}.Debug|Any CPU.ActiveCfg = Debug|Any CPU
		{1471287A-9AF1-4C51-86A1-351C867E01EA}.Debug|Any CPU.Build.0 = Debug|Any CPU
		{1471287A-9AF1-4C51-86A1-351C867E01EA}.Release|Any CPU.ActiveCfg = Release|Any CPU
		{1471287A-9AF1-4C51-86A1-351C867E01EA}.Release|Any CPU.Build.0 = Release|Any CPU
		{44FD45C5-BAF3-4305-8720-8D0AEEAB2203}.Debug|Any CPU.ActiveCfg = Debug|Any CPU
		{44FD45C5-BAF3-4305-8720-8D0AEEAB2203}.Debug|Any CPU.Build.0 = Debug|Any CPU
		{44FD45C5-BAF3-4305-8720-8D0AEEAB2203}.Release|Any CPU.ActiveCfg = Release|Any CPU
		{44FD45C5-BAF3-4305-8720-8D0AEEAB2203}.Release|Any CPU.Build.0 = Release|Any CPU
		{27ED65CD-2BE4-4AE3-9D42-A2F4FDEA703C}.Debug|Any CPU.ActiveCfg = Debug|Any CPU
		{27ED65CD-2BE4-4AE3-9D42-A2F4FDEA703C}.Debug|Any CPU.Build.0 = Debug|Any CPU
		{27ED65CD-2BE4-4AE3-9D42-A2F4FDEA703C}.Release|Any CPU.ActiveCfg = Release|Any CPU
		{27ED65CD-2BE4-4AE3-9D42-A2F4FDEA703C}.Release|Any CPU.Build.0 = Release|Any CPU
		{30995C89-C3C6-48CD-A187-1B76414022A3}.Debug|Any CPU.ActiveCfg = Debug|Any CPU
		{30995C89-C3C6-48CD-A187-1B76414022A3}.Debug|Any CPU.Build.0 = Debug|Any CPU
		{30995C89-C3C6-48CD-A187-1B76414022A3}.Release|Any CPU.ActiveCfg = Release|Any CPU
		{30995C89-C3C6-48CD-A187-1B76414022A3}.Release|Any CPU.Build.0 = Release|Any CPU
		{D8847270-4D67-40C3-A3F7-70F06E28B111}.Debug|Any CPU.ActiveCfg = Debug|Any CPU
		{D8847270-4D67-40C3-A3F7-70F06E28B111}.Debug|Any CPU.Build.0 = Debug|Any CPU
		{D8847270-4D67-40C3-A3F7-70F06E28B111}.Release|Any CPU.ActiveCfg = Release|Any CPU
		{D8847270-4D67-40C3-A3F7-70F06E28B111}.Release|Any CPU.Build.0 = Release|Any CPU
	EndGlobalSection
	GlobalSection(SolutionProperties) = preSolution
		HideSolutionNode = FALSE
	EndGlobalSection
	GlobalSection(NestedProjects) = preSolution
		{D6782F60-672D-4B31-A3B6-5E3484DFD267} = {5B28C47A-7F2D-4AEE-8D97-36368AF26B08}
		{4EA8FEEF-775C-4D6C-92EC-8698365A69F9} = {D919683C-871B-4060-AEAD-37F6743BCC4A}
		{455C4FF1-6E7F-42DF-8FF8-2B3679D2E1FF} = {5B28C47A-7F2D-4AEE-8D97-36368AF26B08}
		{9A318DED-DD96-4906-858B-7A18E254FAFE} = {455C4FF1-6E7F-42DF-8FF8-2B3679D2E1FF}
		{CA62DCA9-0F77-4C08-BC6A-7EECE2ED76F0} = {455C4FF1-6E7F-42DF-8FF8-2B3679D2E1FF}
		{2B9CFBB7-68C3-494C-9605-9567193F7833} = {455C4FF1-6E7F-42DF-8FF8-2B3679D2E1FF}
		{6BC4BD1D-626E-4B57-B16F-40F68EBCED8A} = {455C4FF1-6E7F-42DF-8FF8-2B3679D2E1FF}
		{C9C1D16D-1509-4E46-BF4A-2F793540CA87} = {D919683C-871B-4060-AEAD-37F6743BCC4A}
		{0E21C0FD-1498-4EEB-A5F0-38513650D3E7} = {D919683C-871B-4060-AEAD-37F6743BCC4A}
		{1471287A-9AF1-4C51-86A1-351C867E01EA} = {665B7F8A-7363-4D26-BBCF-9A72B0F1F275}
		{44FD45C5-BAF3-4305-8720-8D0AEEAB2203} = {665B7F8A-7363-4D26-BBCF-9A72B0F1F275}
		{27ED65CD-2BE4-4AE3-9D42-A2F4FDEA703C} = {665B7F8A-7363-4D26-BBCF-9A72B0F1F275}
		{30995C89-C3C6-48CD-A187-1B76414022A3} = {D919683C-871B-4060-AEAD-37F6743BCC4A}
	EndGlobalSection
	GlobalSection(ExtensibilityGlobals) = postSolution
		SolutionGuid = {0597ACF3-303B-4063-9008-F78CBC328ABE}
	EndGlobalSection
EndGlobal
