
Microsoft Visual Studio Solution File, Format Version 12.00
# Visual Studio 2013
VisualStudioVersion = 12.0.21005.1
MinimumVisualStudioVersion = 10.0.40219.1
Project("{FAE04EC0-301F-11D3-BF4B-00C04F79EFBC}") = "ENode", "src\eNode\ENode.csproj", "{F884F01A-ED67-4F21-8576-FD2588491B24}"
EndProject
Project("{2150E333-8FDC-42A3-9474-1A3956D46DE8}") = "Samples", "Samples", "{8F171DA3-04BC-4A17-A2F2-4C2F5972FDB8}"
EndProject
Project("{FAE04EC0-301F-11D3-BF4B-00C04F79EFBC}") = "NoteSample", "src\Samples\NoteSample\NoteSample.csproj", "{0F069E27-C089-4EF1-B466-84C78EBA83AD}"
EndProject
Project("{2150E333-8FDC-42A3-9474-1A3956D46DE8}") = ".nuget", ".nuget", "{473C2B59-B550-48E6-BBAD-EBAA3F5D7B6A}"
	ProjectSection(SolutionItems) = preProject
		.nuget\NuGet.Config = .nuget\NuGet.Config
		.nuget\NuGet.exe = .nuget\NuGet.exe
		.nuget\NuGet.targets = .nuget\NuGet.targets
	EndProjectSection
EndProject
Project("{2150E333-8FDC-42A3-9474-1A3956D46DE8}") = "Extensions", "Extensions", "{93D62F41-6B3D-4828-BA92-13F6CFB3E388}"
EndProject
Project("{FAE04EC0-301F-11D3-BF4B-00C04F79EFBC}") = "BankTransferSample", "src\Samples\BankTransferSample\BankTransferSample.csproj", "{63EAC41D-65DA-4E14-95B0-BEAE86442F4F}"
EndProject
Project("{FAE04EC0-301F-11D3-BF4B-00C04F79EFBC}") = "ENode.EQueue", "src\Extensions\ENode.EQueue\ENode.EQueue.csproj", "{8B5368E5-8518-4684-90EB-048DCBF76E9A}"
EndProject
Project("{FAE04EC0-301F-11D3-BF4B-00C04F79EFBC}") = "ECommon", "..\ecommon\src\ECommon\ECommon.csproj", "{D60F17CE-FF99-42CD-AF71-97C157B17AF3}"
EndProject
Project("{FAE04EC0-301F-11D3-BF4B-00C04F79EFBC}") = "ENode.Redis", "src\Extensions\ENode.Redis\ENode.Redis.csproj", "{6C201374-2F02-4134-8098-9D7D8DFCE31A}"
EndProject
Project("{FAE04EC0-301F-11D3-BF4B-00C04F79EFBC}") = "EQueue", "..\equeue\src\EQueue\EQueue.csproj", "{CE352FFB-7034-4F71-8D93-78ECED099125}"
EndProject
Global
	GlobalSection(SolutionConfigurationPlatforms) = preSolution
		Debug|Any CPU = Debug|Any CPU
		Debug|Mixed Platforms = Debug|Mixed Platforms
		Debug|x86 = Debug|x86
		Release|Any CPU = Release|Any CPU
		Release|Mixed Platforms = Release|Mixed Platforms
		Release|x86 = Release|x86
	EndGlobalSection
	GlobalSection(ProjectConfigurationPlatforms) = postSolution
		{F884F01A-ED67-4F21-8576-FD2588491B24}.Debug|Any CPU.ActiveCfg = Debug|Any CPU
		{F884F01A-ED67-4F21-8576-FD2588491B24}.Debug|Any CPU.Build.0 = Debug|Any CPU
		{F884F01A-ED67-4F21-8576-FD2588491B24}.Debug|Mixed Platforms.ActiveCfg = Debug|Any CPU
		{F884F01A-ED67-4F21-8576-FD2588491B24}.Debug|Mixed Platforms.Build.0 = Debug|Any CPU
		{F884F01A-ED67-4F21-8576-FD2588491B24}.Debug|x86.ActiveCfg = Debug|Any CPU
		{F884F01A-ED67-4F21-8576-FD2588491B24}.Release|Any CPU.ActiveCfg = Release|Any CPU
		{F884F01A-ED67-4F21-8576-FD2588491B24}.Release|Any CPU.Build.0 = Release|Any CPU
		{F884F01A-ED67-4F21-8576-FD2588491B24}.Release|Mixed Platforms.ActiveCfg = Release|Any CPU
		{F884F01A-ED67-4F21-8576-FD2588491B24}.Release|Mixed Platforms.Build.0 = Release|Any CPU
		{F884F01A-ED67-4F21-8576-FD2588491B24}.Release|x86.ActiveCfg = Release|Any CPU
		{0F069E27-C089-4EF1-B466-84C78EBA83AD}.Debug|Any CPU.ActiveCfg = Debug|Any CPU
		{0F069E27-C089-4EF1-B466-84C78EBA83AD}.Debug|Any CPU.Build.0 = Debug|Any CPU
		{0F069E27-C089-4EF1-B466-84C78EBA83AD}.Debug|Mixed Platforms.ActiveCfg = Debug|Any CPU
		{0F069E27-C089-4EF1-B466-84C78EBA83AD}.Debug|Mixed Platforms.Build.0 = Debug|Any CPU
		{0F069E27-C089-4EF1-B466-84C78EBA83AD}.Debug|x86.ActiveCfg = Debug|Any CPU
		{0F069E27-C089-4EF1-B466-84C78EBA83AD}.Release|Any CPU.ActiveCfg = Release|Any CPU
		{0F069E27-C089-4EF1-B466-84C78EBA83AD}.Release|Any CPU.Build.0 = Release|Any CPU
		{0F069E27-C089-4EF1-B466-84C78EBA83AD}.Release|Mixed Platforms.ActiveCfg = Release|Any CPU
		{0F069E27-C089-4EF1-B466-84C78EBA83AD}.Release|Mixed Platforms.Build.0 = Release|Any CPU
		{0F069E27-C089-4EF1-B466-84C78EBA83AD}.Release|x86.ActiveCfg = Release|Any CPU
		{63EAC41D-65DA-4E14-95B0-BEAE86442F4F}.Debug|Any CPU.ActiveCfg = Debug|Any CPU
		{63EAC41D-65DA-4E14-95B0-BEAE86442F4F}.Debug|Any CPU.Build.0 = Debug|Any CPU
		{63EAC41D-65DA-4E14-95B0-BEAE86442F4F}.Debug|Mixed Platforms.ActiveCfg = Debug|Any CPU
		{63EAC41D-65DA-4E14-95B0-BEAE86442F4F}.Debug|Mixed Platforms.Build.0 = Debug|Any CPU
		{63EAC41D-65DA-4E14-95B0-BEAE86442F4F}.Debug|x86.ActiveCfg = Debug|Any CPU
		{63EAC41D-65DA-4E14-95B0-BEAE86442F4F}.Release|Any CPU.ActiveCfg = Release|Any CPU
		{63EAC41D-65DA-4E14-95B0-BEAE86442F4F}.Release|Any CPU.Build.0 = Release|Any CPU
		{63EAC41D-65DA-4E14-95B0-BEAE86442F4F}.Release|Mixed Platforms.ActiveCfg = Release|Any CPU
		{63EAC41D-65DA-4E14-95B0-BEAE86442F4F}.Release|Mixed Platforms.Build.0 = Release|Any CPU
		{63EAC41D-65DA-4E14-95B0-BEAE86442F4F}.Release|x86.ActiveCfg = Release|Any CPU
		{8B5368E5-8518-4684-90EB-048DCBF76E9A}.Debug|Any CPU.ActiveCfg = Debug|Any CPU
		{8B5368E5-8518-4684-90EB-048DCBF76E9A}.Debug|Any CPU.Build.0 = Debug|Any CPU
		{8B5368E5-8518-4684-90EB-048DCBF76E9A}.Debug|Mixed Platforms.ActiveCfg = Debug|Any CPU
		{8B5368E5-8518-4684-90EB-048DCBF76E9A}.Debug|Mixed Platforms.Build.0 = Debug|Any CPU
		{8B5368E5-8518-4684-90EB-048DCBF76E9A}.Debug|x86.ActiveCfg = Debug|Any CPU
		{8B5368E5-8518-4684-90EB-048DCBF76E9A}.Release|Any CPU.ActiveCfg = Release|Any CPU
		{8B5368E5-8518-4684-90EB-048DCBF76E9A}.Release|Any CPU.Build.0 = Release|Any CPU
		{8B5368E5-8518-4684-90EB-048DCBF76E9A}.Release|Mixed Platforms.ActiveCfg = Release|Any CPU
		{8B5368E5-8518-4684-90EB-048DCBF76E9A}.Release|Mixed Platforms.Build.0 = Release|Any CPU
		{8B5368E5-8518-4684-90EB-048DCBF76E9A}.Release|x86.ActiveCfg = Release|Any CPU
		{D60F17CE-FF99-42CD-AF71-97C157B17AF3}.Debug|Any CPU.ActiveCfg = Debug|Any CPU
		{D60F17CE-FF99-42CD-AF71-97C157B17AF3}.Debug|Any CPU.Build.0 = Debug|Any CPU
		{D60F17CE-FF99-42CD-AF71-97C157B17AF3}.Debug|Mixed Platforms.ActiveCfg = Debug|Any CPU
		{D60F17CE-FF99-42CD-AF71-97C157B17AF3}.Debug|Mixed Platforms.Build.0 = Debug|Any CPU
		{D60F17CE-FF99-42CD-AF71-97C157B17AF3}.Debug|x86.ActiveCfg = Debug|Any CPU
		{D60F17CE-FF99-42CD-AF71-97C157B17AF3}.Release|Any CPU.ActiveCfg = Release|Any CPU
		{D60F17CE-FF99-42CD-AF71-97C157B17AF3}.Release|Any CPU.Build.0 = Release|Any CPU
		{D60F17CE-FF99-42CD-AF71-97C157B17AF3}.Release|Mixed Platforms.ActiveCfg = Release|Any CPU
		{D60F17CE-FF99-42CD-AF71-97C157B17AF3}.Release|Mixed Platforms.Build.0 = Release|Any CPU
		{D60F17CE-FF99-42CD-AF71-97C157B17AF3}.Release|x86.ActiveCfg = Release|Any CPU
		{6C201374-2F02-4134-8098-9D7D8DFCE31A}.Debug|Any CPU.ActiveCfg = Debug|Any CPU
		{6C201374-2F02-4134-8098-9D7D8DFCE31A}.Debug|Any CPU.Build.0 = Debug|Any CPU
		{6C201374-2F02-4134-8098-9D7D8DFCE31A}.Debug|Mixed Platforms.ActiveCfg = Debug|Any CPU
		{6C201374-2F02-4134-8098-9D7D8DFCE31A}.Debug|Mixed Platforms.Build.0 = Debug|Any CPU
		{6C201374-2F02-4134-8098-9D7D8DFCE31A}.Debug|x86.ActiveCfg = Debug|Any CPU
		{6C201374-2F02-4134-8098-9D7D8DFCE31A}.Release|Any CPU.ActiveCfg = Release|Any CPU
		{6C201374-2F02-4134-8098-9D7D8DFCE31A}.Release|Any CPU.Build.0 = Release|Any CPU
		{6C201374-2F02-4134-8098-9D7D8DFCE31A}.Release|Mixed Platforms.ActiveCfg = Release|Any CPU
		{6C201374-2F02-4134-8098-9D7D8DFCE31A}.Release|Mixed Platforms.Build.0 = Release|Any CPU
		{6C201374-2F02-4134-8098-9D7D8DFCE31A}.Release|x86.ActiveCfg = Release|Any CPU
		{CE352FFB-7034-4F71-8D93-78ECED099125}.Debug|Any CPU.ActiveCfg = Debug|Any CPU
		{CE352FFB-7034-4F71-8D93-78ECED099125}.Debug|Any CPU.Build.0 = Debug|Any CPU
		{CE352FFB-7034-4F71-8D93-78ECED099125}.Debug|Mixed Platforms.ActiveCfg = Debug|Any CPU
		{CE352FFB-7034-4F71-8D93-78ECED099125}.Debug|Mixed Platforms.Build.0 = Debug|Any CPU
		{CE352FFB-7034-4F71-8D93-78ECED099125}.Debug|x86.ActiveCfg = Debug|Any CPU
		{CE352FFB-7034-4F71-8D93-78ECED099125}.Release|Any CPU.ActiveCfg = Release|Any CPU
		{CE352FFB-7034-4F71-8D93-78ECED099125}.Release|Any CPU.Build.0 = Release|Any CPU
		{CE352FFB-7034-4F71-8D93-78ECED099125}.Release|Mixed Platforms.ActiveCfg = Release|Any CPU
		{CE352FFB-7034-4F71-8D93-78ECED099125}.Release|Mixed Platforms.Build.0 = Release|Any CPU
		{CE352FFB-7034-4F71-8D93-78ECED099125}.Release|x86.ActiveCfg = Release|Any CPU
	EndGlobalSection
	GlobalSection(SolutionProperties) = preSolution
		HideSolutionNode = FALSE
	EndGlobalSection
	GlobalSection(NestedProjects) = preSolution
		{0F069E27-C089-4EF1-B466-84C78EBA83AD} = {8F171DA3-04BC-4A17-A2F2-4C2F5972FDB8}
		{63EAC41D-65DA-4E14-95B0-BEAE86442F4F} = {8F171DA3-04BC-4A17-A2F2-4C2F5972FDB8}
		{8B5368E5-8518-4684-90EB-048DCBF76E9A} = {93D62F41-6B3D-4828-BA92-13F6CFB3E388}
		{D60F17CE-FF99-42CD-AF71-97C157B17AF3} = {93D62F41-6B3D-4828-BA92-13F6CFB3E388}
		{6C201374-2F02-4134-8098-9D7D8DFCE31A} = {93D62F41-6B3D-4828-BA92-13F6CFB3E388}
		{CE352FFB-7034-4F71-8D93-78ECED099125} = {93D62F41-6B3D-4828-BA92-13F6CFB3E388}
	EndGlobalSection
	GlobalSection(ExtensibilityGlobals) = postSolution
		EnterpriseLibraryConfigurationToolBinariesPath = packages\Unity.2.1.505.2\lib\NET35
	EndGlobalSection
EndGlobal
