
Microsoft Visual Studio Solution File, Format Version 12.00
# Visual Studio 2013
VisualStudioVersion = 12.0.21005.1
MinimumVisualStudioVersion = 10.0.40219.1
Project("{FAE04EC0-301F-11D3-BF4B-00C04F79EFBC}") = "ENode", "src\eNode\ENode.csproj", "{F884F01A-ED67-4F21-8576-FD2588491B24}"
EndProject
Project("{2150E333-8FDC-42A3-9474-1A3956D46DE8}") = "Samples", "Samples", "{8F171DA3-04BC-4A17-A2F2-4C2F5972FDB8}"
EndProject
Project("{FAE04EC0-301F-11D3-BF4B-00C04F79EFBC}") = "NoteSample", "src\Samples\NoteSample\NoteSample.csproj", "{0F069E27-C089-4EF1-B466-84C78EBA83AD}"
EndProject
Project("{2150E333-8FDC-42A3-9474-1A3956D46DE8}") = ".nuget", ".nuget", "{473C2B59-B550-48E6-BBAD-EBAA3F5D7B6A}"
	ProjectSection(SolutionItems) = preProject
		.nuget\NuGet.Config = .nuget\NuGet.Config
		.nuget\NuGet.exe = .nuget\NuGet.exe
		.nuget\NuGet.targets = .nuget\NuGet.targets
	EndProjectSection
EndProject
Project("{2150E333-8FDC-42A3-9474-1A3956D46DE8}") = "DistributeSample", "DistributeSample", "{B46666A1-9210-4DBB-94C7-8D0BF1184174}"
EndProject
Project("{FAE04EC0-301F-11D3-BF4B-00C04F79EFBC}") = "DistributeSample.CommandProducer", "src\Samples\DistributeSample.CommandProducer\DistributeSample.CommandProducer.csproj", "{37CD22D9-EDFD-41AD-88C2-04E8493E03D7}"
EndProject
Project("{FAE04EC0-301F-11D3-BF4B-00C04F79EFBC}") = "DistributeSample.CommandProcessor", "src\Samples\DistributeSample.CommandProcessor\DistributeSample.CommandProcessor.csproj", "{92CA776A-F4D0-40C5-B089-6D9299F36E38}"
EndProject
Project("{FAE04EC0-301F-11D3-BF4B-00C04F79EFBC}") = "DistributeSample.EventProcessor", "src\Samples\DistributeSample.EventProcessor\DistributeSample.EventProcessor.csproj", "{909A442C-A134-444E-BDDB-5C4B7F333BC4}"
EndProject
Project("{FAE04EC0-301F-11D3-BF4B-00C04F79EFBC}") = "DistributeSample.Broker", "src\Samples\DistributeSample.Broker\DistributeSample.Broker.csproj", "{23F69243-A08B-485A-A78E-CAEFFB3028E2}"
EndProject
Project("{FAE04EC0-301F-11D3-BF4B-00C04F79EFBC}") = "DistributeSample.Commands", "src\Samples\DistributeSample.Commands\DistributeSample.Commands.csproj", "{F03DFFC7-1017-4EC1-AB90-300EB2CD52DD}"
EndProject
Project("{FAE04EC0-301F-11D3-BF4B-00C04F79EFBC}") = "DistributeSample.Events", "src\Samples\DistributeSample.Events\DistributeSample.Events.csproj", "{70916DF5-FADC-4517-9185-3ECFE1D43109}"
EndProject
Project("{2150E333-8FDC-42A3-9474-1A3956D46DE8}") = "Extensions", "Extensions", "{C0DE6060-8F08-4822-A75E-3C9F227F8F56}"
EndProject
Project("{FAE04EC0-301F-11D3-BF4B-00C04F79EFBC}") = "ENode.EQueue", "src\Extensions\ENode.EQueue\ENode.EQueue.csproj", "{8B5368E5-8518-4684-90EB-048DCBF76E9A}"
EndProject
Project("{2150E333-8FDC-42A3-9474-1A3956D46DE8}") = "DistributeEventStoreSample", "DistributeEventStoreSample", "{FBE92895-72DE-456D-ABBA-ACD4FB707DFC}"
EndProject
Project("{FAE04EC0-301F-11D3-BF4B-00C04F79EFBC}") = "DistributeEventStoreSample.Client", "src\Samples\DistributeEventStoreSample.Client\DistributeEventStoreSample.Client.csproj", "{A658BAD7-6A2D-4A22-8890-350FB5ABC603}"
EndProject
Project("{FAE04EC0-301F-11D3-BF4B-00C04F79EFBC}") = "DistributeEventStoreSample.Server", "src\Samples\DistributeEventStoreSample.Server\DistributeEventStoreSample.Server.csproj", "{BC7C6E76-B482-4D68-8B6B-667C3A65D47F}"
EndProject
Global
	GlobalSection(SolutionConfigurationPlatforms) = preSolution
		Debug|Any CPU = Debug|Any CPU
		Debug|Mixed Platforms = Debug|Mixed Platforms
		Debug|x86 = Debug|x86
		Release|Any CPU = Release|Any CPU
		Release|Mixed Platforms = Release|Mixed Platforms
		Release|x86 = Release|x86
	EndGlobalSection
	GlobalSection(ProjectConfigurationPlatforms) = postSolution
		{F884F01A-ED67-4F21-8576-FD2588491B24}.Debug|Any CPU.ActiveCfg = Debug|Any CPU
		{F884F01A-ED67-4F21-8576-FD2588491B24}.Debug|Any CPU.Build.0 = Debug|Any CPU
		{F884F01A-ED67-4F21-8576-FD2588491B24}.Debug|Mixed Platforms.ActiveCfg = Debug|Any CPU
		{F884F01A-ED67-4F21-8576-FD2588491B24}.Debug|Mixed Platforms.Build.0 = Debug|Any CPU
		{F884F01A-ED67-4F21-8576-FD2588491B24}.Debug|x86.ActiveCfg = Debug|Any CPU
		{F884F01A-ED67-4F21-8576-FD2588491B24}.Release|Any CPU.ActiveCfg = Release|Any CPU
		{F884F01A-ED67-4F21-8576-FD2588491B24}.Release|Any CPU.Build.0 = Release|Any CPU
		{F884F01A-ED67-4F21-8576-FD2588491B24}.Release|Mixed Platforms.ActiveCfg = Release|Any CPU
		{F884F01A-ED67-4F21-8576-FD2588491B24}.Release|Mixed Platforms.Build.0 = Release|Any CPU
		{F884F01A-ED67-4F21-8576-FD2588491B24}.Release|x86.ActiveCfg = Release|Any CPU
		{0F069E27-C089-4EF1-B466-84C78EBA83AD}.Debug|Any CPU.ActiveCfg = Debug|Any CPU
		{0F069E27-C089-4EF1-B466-84C78EBA83AD}.Debug|Any CPU.Build.0 = Debug|Any CPU
		{0F069E27-C089-4EF1-B466-84C78EBA83AD}.Debug|Mixed Platforms.ActiveCfg = Debug|Any CPU
		{0F069E27-C089-4EF1-B466-84C78EBA83AD}.Debug|Mixed Platforms.Build.0 = Debug|Any CPU
		{0F069E27-C089-4EF1-B466-84C78EBA83AD}.Debug|x86.ActiveCfg = Debug|Any CPU
		{0F069E27-C089-4EF1-B466-84C78EBA83AD}.Release|Any CPU.ActiveCfg = Release|Any CPU
		{0F069E27-C089-4EF1-B466-84C78EBA83AD}.Release|Any CPU.Build.0 = Release|Any CPU
		{0F069E27-C089-4EF1-B466-84C78EBA83AD}.Release|Mixed Platforms.ActiveCfg = Release|Any CPU
		{0F069E27-C089-4EF1-B466-84C78EBA83AD}.Release|Mixed Platforms.Build.0 = Release|Any CPU
		{0F069E27-C089-4EF1-B466-84C78EBA83AD}.Release|x86.ActiveCfg = Release|Any CPU
		{37CD22D9-EDFD-41AD-88C2-04E8493E03D7}.Debug|Any CPU.ActiveCfg = Debug|Any CPU
		{37CD22D9-EDFD-41AD-88C2-04E8493E03D7}.Debug|Any CPU.Build.0 = Debug|Any CPU
		{37CD22D9-EDFD-41AD-88C2-04E8493E03D7}.Debug|Mixed Platforms.ActiveCfg = Debug|Any CPU
		{37CD22D9-EDFD-41AD-88C2-04E8493E03D7}.Debug|Mixed Platforms.Build.0 = Debug|Any CPU
		{37CD22D9-EDFD-41AD-88C2-04E8493E03D7}.Debug|x86.ActiveCfg = Debug|Any CPU
		{37CD22D9-EDFD-41AD-88C2-04E8493E03D7}.Release|Any CPU.ActiveCfg = Release|Any CPU
		{37CD22D9-EDFD-41AD-88C2-04E8493E03D7}.Release|Any CPU.Build.0 = Release|Any CPU
		{37CD22D9-EDFD-41AD-88C2-04E8493E03D7}.Release|Mixed Platforms.ActiveCfg = Release|Any CPU
		{37CD22D9-EDFD-41AD-88C2-04E8493E03D7}.Release|Mixed Platforms.Build.0 = Release|Any CPU
		{37CD22D9-EDFD-41AD-88C2-04E8493E03D7}.Release|x86.ActiveCfg = Release|Any CPU
		{92CA776A-F4D0-40C5-B089-6D9299F36E38}.Debug|Any CPU.ActiveCfg = Debug|Any CPU
		{92CA776A-F4D0-40C5-B089-6D9299F36E38}.Debug|Any CPU.Build.0 = Debug|Any CPU
		{92CA776A-F4D0-40C5-B089-6D9299F36E38}.Debug|Mixed Platforms.ActiveCfg = Debug|Any CPU
		{92CA776A-F4D0-40C5-B089-6D9299F36E38}.Debug|Mixed Platforms.Build.0 = Debug|Any CPU
		{92CA776A-F4D0-40C5-B089-6D9299F36E38}.Debug|x86.ActiveCfg = Debug|Any CPU
		{92CA776A-F4D0-40C5-B089-6D9299F36E38}.Release|Any CPU.ActiveCfg = Release|Any CPU
		{92CA776A-F4D0-40C5-B089-6D9299F36E38}.Release|Any CPU.Build.0 = Release|Any CPU
		{92CA776A-F4D0-40C5-B089-6D9299F36E38}.Release|Mixed Platforms.ActiveCfg = Release|Any CPU
		{92CA776A-F4D0-40C5-B089-6D9299F36E38}.Release|Mixed Platforms.Build.0 = Release|Any CPU
		{92CA776A-F4D0-40C5-B089-6D9299F36E38}.Release|x86.ActiveCfg = Release|Any CPU
		{909A442C-A134-444E-BDDB-5C4B7F333BC4}.Debug|Any CPU.ActiveCfg = Debug|Any CPU
		{909A442C-A134-444E-BDDB-5C4B7F333BC4}.Debug|Any CPU.Build.0 = Debug|Any CPU
		{909A442C-A134-444E-BDDB-5C4B7F333BC4}.Debug|Mixed Platforms.ActiveCfg = Debug|Any CPU
		{909A442C-A134-444E-BDDB-5C4B7F333BC4}.Debug|Mixed Platforms.Build.0 = Debug|Any CPU
		{909A442C-A134-444E-BDDB-5C4B7F333BC4}.Debug|x86.ActiveCfg = Debug|Any CPU
		{909A442C-A134-444E-BDDB-5C4B7F333BC4}.Release|Any CPU.ActiveCfg = Release|Any CPU
		{909A442C-A134-444E-BDDB-5C4B7F333BC4}.Release|Any CPU.Build.0 = Release|Any CPU
		{909A442C-A134-444E-BDDB-5C4B7F333BC4}.Release|Mixed Platforms.ActiveCfg = Release|Any CPU
		{909A442C-A134-444E-BDDB-5C4B7F333BC4}.Release|Mixed Platforms.Build.0 = Release|Any CPU
		{909A442C-A134-444E-BDDB-5C4B7F333BC4}.Release|x86.ActiveCfg = Release|Any CPU
		{23F69243-A08B-485A-A78E-CAEFFB3028E2}.Debug|Any CPU.ActiveCfg = Debug|Any CPU
		{23F69243-A08B-485A-A78E-CAEFFB3028E2}.Debug|Any CPU.Build.0 = Debug|Any CPU
		{23F69243-A08B-485A-A78E-CAEFFB3028E2}.Debug|Mixed Platforms.ActiveCfg = Debug|Any CPU
		{23F69243-A08B-485A-A78E-CAEFFB3028E2}.Debug|Mixed Platforms.Build.0 = Debug|Any CPU
		{23F69243-A08B-485A-A78E-CAEFFB3028E2}.Debug|x86.ActiveCfg = Debug|Any CPU
		{23F69243-A08B-485A-A78E-CAEFFB3028E2}.Release|Any CPU.ActiveCfg = Release|Any CPU
		{23F69243-A08B-485A-A78E-CAEFFB3028E2}.Release|Any CPU.Build.0 = Release|Any CPU
		{23F69243-A08B-485A-A78E-CAEFFB3028E2}.Release|Mixed Platforms.ActiveCfg = Release|Any CPU
		{23F69243-A08B-485A-A78E-CAEFFB3028E2}.Release|Mixed Platforms.Build.0 = Release|Any CPU
		{23F69243-A08B-485A-A78E-CAEFFB3028E2}.Release|x86.ActiveCfg = Release|Any CPU
		{F03DFFC7-1017-4EC1-AB90-300EB2CD52DD}.Debug|Any CPU.ActiveCfg = Debug|Any CPU
		{F03DFFC7-1017-4EC1-AB90-300EB2CD52DD}.Debug|Any CPU.Build.0 = Debug|Any CPU
		{F03DFFC7-1017-4EC1-AB90-300EB2CD52DD}.Debug|Mixed Platforms.ActiveCfg = Debug|Any CPU
		{F03DFFC7-1017-4EC1-AB90-300EB2CD52DD}.Debug|Mixed Platforms.Build.0 = Debug|Any CPU
		{F03DFFC7-1017-4EC1-AB90-300EB2CD52DD}.Debug|x86.ActiveCfg = Debug|Any CPU
		{F03DFFC7-1017-4EC1-AB90-300EB2CD52DD}.Release|Any CPU.ActiveCfg = Release|Any CPU
		{F03DFFC7-1017-4EC1-AB90-300EB2CD52DD}.Release|Any CPU.Build.0 = Release|Any CPU
		{F03DFFC7-1017-4EC1-AB90-300EB2CD52DD}.Release|Mixed Platforms.ActiveCfg = Release|Any CPU
		{F03DFFC7-1017-4EC1-AB90-300EB2CD52DD}.Release|Mixed Platforms.Build.0 = Release|Any CPU
		{F03DFFC7-1017-4EC1-AB90-300EB2CD52DD}.Release|x86.ActiveCfg = Release|Any CPU
		{70916DF5-FADC-4517-9185-3ECFE1D43109}.Debug|Any CPU.ActiveCfg = Debug|Any CPU
		{70916DF5-FADC-4517-9185-3ECFE1D43109}.Debug|Any CPU.Build.0 = Debug|Any CPU
		{70916DF5-FADC-4517-9185-3ECFE1D43109}.Debug|Mixed Platforms.ActiveCfg = Debug|Any CPU
		{70916DF5-FADC-4517-9185-3ECFE1D43109}.Debug|Mixed Platforms.Build.0 = Debug|Any CPU
		{70916DF5-FADC-4517-9185-3ECFE1D43109}.Debug|x86.ActiveCfg = Debug|Any CPU
		{70916DF5-FADC-4517-9185-3ECFE1D43109}.Release|Any CPU.ActiveCfg = Release|Any CPU
		{70916DF5-FADC-4517-9185-3ECFE1D43109}.Release|Any CPU.Build.0 = Release|Any CPU
		{70916DF5-FADC-4517-9185-3ECFE1D43109}.Release|Mixed Platforms.ActiveCfg = Release|Any CPU
		{70916DF5-FADC-4517-9185-3ECFE1D43109}.Release|Mixed Platforms.Build.0 = Release|Any CPU
		{70916DF5-FADC-4517-9185-3ECFE1D43109}.Release|x86.ActiveCfg = Release|Any CPU
		{8B5368E5-8518-4684-90EB-048DCBF76E9A}.Debug|Any CPU.ActiveCfg = Debug|Any CPU
		{8B5368E5-8518-4684-90EB-048DCBF76E9A}.Debug|Any CPU.Build.0 = Debug|Any CPU
		{8B5368E5-8518-4684-90EB-048DCBF76E9A}.Debug|Mixed Platforms.ActiveCfg = Debug|Any CPU
		{8B5368E5-8518-4684-90EB-048DCBF76E9A}.Debug|Mixed Platforms.Build.0 = Debug|Any CPU
		{8B5368E5-8518-4684-90EB-048DCBF76E9A}.Debug|x86.ActiveCfg = Debug|Any CPU
		{8B5368E5-8518-4684-90EB-048DCBF76E9A}.Release|Any CPU.ActiveCfg = Release|Any CPU
		{8B5368E5-8518-4684-90EB-048DCBF76E9A}.Release|Any CPU.Build.0 = Release|Any CPU
		{8B5368E5-8518-4684-90EB-048DCBF76E9A}.Release|Mixed Platforms.ActiveCfg = Release|Any CPU
		{8B5368E5-8518-4684-90EB-048DCBF76E9A}.Release|Mixed Platforms.Build.0 = Release|Any CPU
		{8B5368E5-8518-4684-90EB-048DCBF76E9A}.Release|x86.ActiveCfg = Release|Any CPU
		{A658BAD7-6A2D-4A22-8890-350FB5ABC603}.Debug|Any CPU.ActiveCfg = Debug|Any CPU
		{A658BAD7-6A2D-4A22-8890-350FB5ABC603}.Debug|Any CPU.Build.0 = Debug|Any CPU
		{A658BAD7-6A2D-4A22-8890-350FB5ABC603}.Debug|Mixed Platforms.ActiveCfg = Debug|Any CPU
		{A658BAD7-6A2D-4A22-8890-350FB5ABC603}.Debug|Mixed Platforms.Build.0 = Debug|Any CPU
		{A658BAD7-6A2D-4A22-8890-350FB5ABC603}.Debug|x86.ActiveCfg = Debug|Any CPU
		{A658BAD7-6A2D-4A22-8890-350FB5ABC603}.Release|Any CPU.ActiveCfg = Release|Any CPU
		{A658BAD7-6A2D-4A22-8890-350FB5ABC603}.Release|Any CPU.Build.0 = Release|Any CPU
		{A658BAD7-6A2D-4A22-8890-350FB5ABC603}.Release|Mixed Platforms.ActiveCfg = Release|Any CPU
		{A658BAD7-6A2D-4A22-8890-350FB5ABC603}.Release|Mixed Platforms.Build.0 = Release|Any CPU
		{A658BAD7-6A2D-4A22-8890-350FB5ABC603}.Release|x86.ActiveCfg = Release|Any CPU
		{BC7C6E76-B482-4D68-8B6B-667C3A65D47F}.Debug|Any CPU.ActiveCfg = Debug|Any CPU
		{BC7C6E76-B482-4D68-8B6B-667C3A65D47F}.Debug|Any CPU.Build.0 = Debug|Any CPU
		{BC7C6E76-B482-4D68-8B6B-667C3A65D47F}.Debug|Mixed Platforms.ActiveCfg = Debug|Any CPU
		{BC7C6E76-B482-4D68-8B6B-667C3A65D47F}.Debug|Mixed Platforms.Build.0 = Debug|Any CPU
		{BC7C6E76-B482-4D68-8B6B-667C3A65D47F}.Debug|x86.ActiveCfg = Debug|Any CPU
		{BC7C6E76-B482-4D68-8B6B-667C3A65D47F}.Release|Any CPU.ActiveCfg = Release|Any CPU
		{BC7C6E76-B482-4D68-8B6B-667C3A65D47F}.Release|Any CPU.Build.0 = Release|Any CPU
		{BC7C6E76-B482-4D68-8B6B-667C3A65D47F}.Release|Mixed Platforms.ActiveCfg = Release|Any CPU
		{BC7C6E76-B482-4D68-8B6B-667C3A65D47F}.Release|Mixed Platforms.Build.0 = Release|Any CPU
		{BC7C6E76-B482-4D68-8B6B-667C3A65D47F}.Release|x86.ActiveCfg = Release|Any CPU
	EndGlobalSection
	GlobalSection(SolutionProperties) = preSolution
		HideSolutionNode = FALSE
	EndGlobalSection
	GlobalSection(NestedProjects) = preSolution
		{0F069E27-C089-4EF1-B466-84C78EBA83AD} = {8F171DA3-04BC-4A17-A2F2-4C2F5972FDB8}
		{B46666A1-9210-4DBB-94C7-8D0BF1184174} = {8F171DA3-04BC-4A17-A2F2-4C2F5972FDB8}
		{FBE92895-72DE-456D-ABBA-ACD4FB707DFC} = {8F171DA3-04BC-4A17-A2F2-4C2F5972FDB8}
		{37CD22D9-EDFD-41AD-88C2-04E8493E03D7} = {B46666A1-9210-4DBB-94C7-8D0BF1184174}
		{92CA776A-F4D0-40C5-B089-6D9299F36E38} = {B46666A1-9210-4DBB-94C7-8D0BF1184174}
		{909A442C-A134-444E-BDDB-5C4B7F333BC4} = {B46666A1-9210-4DBB-94C7-8D0BF1184174}
		{23F69243-A08B-485A-A78E-CAEFFB3028E2} = {B46666A1-9210-4DBB-94C7-8D0BF1184174}
		{F03DFFC7-1017-4EC1-AB90-300EB2CD52DD} = {B46666A1-9210-4DBB-94C7-8D0BF1184174}
		{70916DF5-FADC-4517-9185-3ECFE1D43109} = {B46666A1-9210-4DBB-94C7-8D0BF1184174}
		{8B5368E5-8518-4684-90EB-048DCBF76E9A} = {C0DE6060-8F08-4822-A75E-3C9F227F8F56}
		{A658BAD7-6A2D-4A22-8890-350FB5ABC603} = {FBE92895-72DE-456D-ABBA-ACD4FB707DFC}
		{BC7C6E76-B482-4D68-8B6B-667C3A65D47F} = {FBE92895-72DE-456D-ABBA-ACD4FB707DFC}
	EndGlobalSection
	GlobalSection(ExtensibilityGlobals) = postSolution
		EnterpriseLibraryConfigurationToolBinariesPath = packages\Unity.2.1.505.2\lib\NET35
	EndGlobalSection
EndGlobal
