
Microsoft Visual Studio Solution File, Format Version 12.00
# Visual Studio 2013
VisualStudioVersion = 12.0.21005.1
MinimumVisualStudioVersion = 10.0.40219.1
Project("{FAE04EC0-301F-11D3-BF4B-00C04F79EFBC}") = "ENode", "src\eNode\ENode.csproj", "{F884F01A-ED67-4F21-8576-FD2588491B24}"
EndProject
Project("{2150E333-8FDC-42A3-9474-1A3956D46DE8}") = ".nuget", ".nuget", "{473C2B59-B550-48E6-BBAD-EBAA3F5D7B6A}"
	ProjectSection(SolutionItems) = preProject
		.nuget\NuGet.Config = .nuget\NuGet.Config
		.nuget\NuGet.exe = .nuget\NuGet.exe
		.nuget\NuGet.targets = .nuget\NuGet.targets
	EndProjectSection
EndProject
Project("{2150E333-8FDC-42A3-9474-1A3956D46DE8}") = "DistributeSample", "DistributeSample", "{B46666A1-9210-4DBB-94C7-8D0BF1184174}"
	ProjectSection(SolutionItems) = preProject
		src\DistributeSample\README.txt = src\DistributeSample\README.txt
	EndProjectSection
EndProject
Project("{FAE04EC0-301F-11D3-BF4B-00C04F79EFBC}") = "ENode.EQueue", "src\ENode.EQueue\ENode.EQueue.csproj", "{8B5368E5-8518-4684-90EB-048DCBF76E9A}"
EndProject
Project("{FAE04EC0-301F-11D3-BF4B-00C04F79EFBC}") = "DistributeSample.Broker", "src\DistributeSample\DistributeSample.Broker\DistributeSample.Broker.csproj", "{23F69243-A08B-485A-A78E-CAEFFB3028E2}"
EndProject
Project("{FAE04EC0-301F-11D3-BF4B-00C04F79EFBC}") = "DistributeSample.CommandProcessor", "src\DistributeSample\DistributeSample.CommandProcessor\DistributeSample.CommandProcessor.csproj", "{92CA776A-F4D0-40C5-B089-6D9299F36E38}"
EndProject
Project("{FAE04EC0-301F-11D3-BF4B-00C04F79EFBC}") = "DistributeSample.CommandProducer", "src\DistributeSample\DistributeSample.CommandProducer\DistributeSample.CommandProducer.csproj", "{37CD22D9-EDFD-41AD-88C2-04E8493E03D7}"
EndProject
Project("{FAE04EC0-301F-11D3-BF4B-00C04F79EFBC}") = "DistributeSample.EventProcessor", "src\DistributeSample\DistributeSample.EventProcessor\DistributeSample.EventProcessor.csproj", "{909A442C-A134-444E-BDDB-5C4B7F333BC4}"
EndProject
Project("{FAE04EC0-301F-11D3-BF4B-00C04F79EFBC}") = "ENode.CommandProcessorPerfTests", "src\ENode.CommandProcessorPerfTests\ENode.CommandProcessorPerfTests.csproj", "{9EAF90DD-1B14-4A65-A0AA-37C1E8BBB954}"
EndProject
Project("{FAE04EC0-301F-11D3-BF4B-00C04F79EFBC}") = "NoteSample.Domain", "src\NoteSample.Domain\NoteSample.Domain.csproj", "{51C698D5-8CCF-468B-8C4E-DB615B4463C1}"
EndProject
Project("{FAE04EC0-301F-11D3-BF4B-00C04F79EFBC}") = "NoteSample.Commands", "src\NoteSample.Commands\NoteSample.Commands.csproj", "{4048FE0B-50A6-46AD-B633-0E65883E8C3E}"
EndProject
Project("{FAE04EC0-301F-11D3-BF4B-00C04F79EFBC}") = "NoteSample.QuickStart", "src\NoteSample.QuickStart\NoteSample.QuickStart.csproj", "{0F069E27-C089-4EF1-B466-84C78EBA83AD}"
EndProject
Project("{FAE04EC0-301F-11D3-BF4B-00C04F79EFBC}") = "BankTransferSample", "src\BankTransferSample\BankTransferSample.csproj", "{63EAC41D-65DA-4E14-95B0-BEAE86442F4F}"
EndProject
Project("{FAE04EC0-301F-11D3-BF4B-00C04F79EFBC}") = "NoteSample.CommandHandlers", "src\NoteSample.CommandHandlers\NoteSample.CommandHandlers.csproj", "{33A00A93-90BB-40FC-93C4-B35296DA0EA2}"
EndProject
Project("{FAE04EC0-301F-11D3-BF4B-00C04F79EFBC}") = "ENode.SendCommandPerfTests", "src\ENode.SendCommandPerfTests\ENode.SendCommandPerfTests.csproj", "{69322951-8ABC-4C13-8E0C-D8AEECF62E66}"
EndProject
Project("{FAE04EC0-301F-11D3-BF4B-00C04F79EFBC}") = "ENode.PublishEventPerfTests", "src\ENode.PublishEventPerfTests\ENode.PublishEventPerfTests.csproj", "{9B71D572-2FDF-41BE-8C38-1317E7632F14}"
EndProject
Project("{2150E333-8FDC-42A3-9474-1A3956D46DE8}") = "Tests", "Tests", "{8A9DF91F-BCE3-48DF-91F5-EFC9EAD43941}"
EndProject
Project("{FAE04EC0-301F-11D3-BF4B-00C04F79EFBC}") = "ENode.Test", "src\ENode.Test\ENode.Test.csproj", "{A8883E0B-3CB0-4CE6-BAB0-ADCA79C274A4}"
EndProject
Project("{FAE04EC0-301F-11D3-BF4B-00C04F79EFBC}") = "ENode.EventStorePerfTests", "src\ENode.EventStorePerfTests\ENode.EventStorePerfTests.csproj", "{2808FB4B-2A43-4A56-AE7F-A53793EA802F}"
EndProject
Project("{2150E333-8FDC-42A3-9474-1A3956D46DE8}") = "NoteSample", "NoteSample", "{83E4080A-DD14-472D-9366-4AEBA3FFED7F}"
EndProject
Project("{2150E333-8FDC-42A3-9474-1A3956D46DE8}") = "Samples", "Samples", "{C10D5E3E-F927-4C4F-88D1-57F8D0F2503A}"
EndProject
Project("{FAE04EC0-301F-11D3-BF4B-00C04F79EFBC}") = "ENode.CommandServiceTests", "src\ENode.CommandServiceTests\ENode.CommandServiceTests.csproj", "{2C49E348-D15C-4271-9651-8B599776B291}"
EndProject
Global
	GlobalSection(SolutionConfigurationPlatforms) = preSolution
		Debug|Any CPU = Debug|Any CPU
		Debug|Mixed Platforms = Debug|Mixed Platforms
		Debug|x86 = Debug|x86
		Release|Any CPU = Release|Any CPU
		Release|Mixed Platforms = Release|Mixed Platforms
		Release|x86 = Release|x86
	EndGlobalSection
	GlobalSection(ProjectConfigurationPlatforms) = postSolution
		{F884F01A-ED67-4F21-8576-FD2588491B24}.Debug|Any CPU.ActiveCfg = Debug|Any CPU
		{F884F01A-ED67-4F21-8576-FD2588491B24}.Debug|Any CPU.Build.0 = Debug|Any CPU
		{F884F01A-ED67-4F21-8576-FD2588491B24}.Debug|Mixed Platforms.ActiveCfg = Debug|Any CPU
		{F884F01A-ED67-4F21-8576-FD2588491B24}.Debug|Mixed Platforms.Build.0 = Debug|Any CPU
		{F884F01A-ED67-4F21-8576-FD2588491B24}.Debug|x86.ActiveCfg = Debug|Any CPU
		{F884F01A-ED67-4F21-8576-FD2588491B24}.Release|Any CPU.ActiveCfg = Release|Any CPU
		{F884F01A-ED67-4F21-8576-FD2588491B24}.Release|Any CPU.Build.0 = Release|Any CPU
		{F884F01A-ED67-4F21-8576-FD2588491B24}.Release|Mixed Platforms.ActiveCfg = Release|Any CPU
		{F884F01A-ED67-4F21-8576-FD2588491B24}.Release|Mixed Platforms.Build.0 = Release|Any CPU
		{F884F01A-ED67-4F21-8576-FD2588491B24}.Release|x86.ActiveCfg = Release|Any CPU
		{8B5368E5-8518-4684-90EB-048DCBF76E9A}.Debug|Any CPU.ActiveCfg = Debug|Any CPU
		{8B5368E5-8518-4684-90EB-048DCBF76E9A}.Debug|Any CPU.Build.0 = Debug|Any CPU
		{8B5368E5-8518-4684-90EB-048DCBF76E9A}.Debug|Mixed Platforms.ActiveCfg = Debug|Any CPU
		{8B5368E5-8518-4684-90EB-048DCBF76E9A}.Debug|Mixed Platforms.Build.0 = Debug|Any CPU
		{8B5368E5-8518-4684-90EB-048DCBF76E9A}.Debug|x86.ActiveCfg = Debug|Any CPU
		{8B5368E5-8518-4684-90EB-048DCBF76E9A}.Release|Any CPU.ActiveCfg = Release|Any CPU
		{8B5368E5-8518-4684-90EB-048DCBF76E9A}.Release|Any CPU.Build.0 = Release|Any CPU
		{8B5368E5-8518-4684-90EB-048DCBF76E9A}.Release|Mixed Platforms.ActiveCfg = Release|Any CPU
		{8B5368E5-8518-4684-90EB-048DCBF76E9A}.Release|Mixed Platforms.Build.0 = Release|Any CPU
		{8B5368E5-8518-4684-90EB-048DCBF76E9A}.Release|x86.ActiveCfg = Release|Any CPU
		{23F69243-A08B-485A-A78E-CAEFFB3028E2}.Debug|Any CPU.ActiveCfg = Debug|Any CPU
		{23F69243-A08B-485A-A78E-CAEFFB3028E2}.Debug|Any CPU.Build.0 = Debug|Any CPU
		{23F69243-A08B-485A-A78E-CAEFFB3028E2}.Debug|Mixed Platforms.ActiveCfg = Debug|Any CPU
		{23F69243-A08B-485A-A78E-CAEFFB3028E2}.Debug|Mixed Platforms.Build.0 = Debug|Any CPU
		{23F69243-A08B-485A-A78E-CAEFFB3028E2}.Debug|x86.ActiveCfg = Debug|Any CPU
		{23F69243-A08B-485A-A78E-CAEFFB3028E2}.Release|Any CPU.ActiveCfg = Release|Any CPU
		{23F69243-A08B-485A-A78E-CAEFFB3028E2}.Release|Any CPU.Build.0 = Release|Any CPU
		{23F69243-A08B-485A-A78E-CAEFFB3028E2}.Release|Mixed Platforms.ActiveCfg = Release|Any CPU
		{23F69243-A08B-485A-A78E-CAEFFB3028E2}.Release|Mixed Platforms.Build.0 = Release|Any CPU
		{23F69243-A08B-485A-A78E-CAEFFB3028E2}.Release|x86.ActiveCfg = Release|Any CPU
		{92CA776A-F4D0-40C5-B089-6D9299F36E38}.Debug|Any CPU.ActiveCfg = Debug|Any CPU
		{92CA776A-F4D0-40C5-B089-6D9299F36E38}.Debug|Any CPU.Build.0 = Debug|Any CPU
		{92CA776A-F4D0-40C5-B089-6D9299F36E38}.Debug|Mixed Platforms.ActiveCfg = Debug|Any CPU
		{92CA776A-F4D0-40C5-B089-6D9299F36E38}.Debug|Mixed Platforms.Build.0 = Debug|Any CPU
		{92CA776A-F4D0-40C5-B089-6D9299F36E38}.Debug|x86.ActiveCfg = Debug|Any CPU
		{92CA776A-F4D0-40C5-B089-6D9299F36E38}.Release|Any CPU.ActiveCfg = Release|Any CPU
		{92CA776A-F4D0-40C5-B089-6D9299F36E38}.Release|Any CPU.Build.0 = Release|Any CPU
		{92CA776A-F4D0-40C5-B089-6D9299F36E38}.Release|Mixed Platforms.ActiveCfg = Release|Any CPU
		{92CA776A-F4D0-40C5-B089-6D9299F36E38}.Release|Mixed Platforms.Build.0 = Release|Any CPU
		{92CA776A-F4D0-40C5-B089-6D9299F36E38}.Release|x86.ActiveCfg = Release|Any CPU
		{37CD22D9-EDFD-41AD-88C2-04E8493E03D7}.Debug|Any CPU.ActiveCfg = Debug|Any CPU
		{37CD22D9-EDFD-41AD-88C2-04E8493E03D7}.Debug|Any CPU.Build.0 = Debug|Any CPU
		{37CD22D9-EDFD-41AD-88C2-04E8493E03D7}.Debug|Mixed Platforms.ActiveCfg = Debug|Any CPU
		{37CD22D9-EDFD-41AD-88C2-04E8493E03D7}.Debug|Mixed Platforms.Build.0 = Debug|Any CPU
		{37CD22D9-EDFD-41AD-88C2-04E8493E03D7}.Debug|x86.ActiveCfg = Debug|Any CPU
		{37CD22D9-EDFD-41AD-88C2-04E8493E03D7}.Release|Any CPU.ActiveCfg = Release|Any CPU
		{37CD22D9-EDFD-41AD-88C2-04E8493E03D7}.Release|Any CPU.Build.0 = Release|Any CPU
		{37CD22D9-EDFD-41AD-88C2-04E8493E03D7}.Release|Mixed Platforms.ActiveCfg = Release|Any CPU
		{37CD22D9-EDFD-41AD-88C2-04E8493E03D7}.Release|Mixed Platforms.Build.0 = Release|Any CPU
		{37CD22D9-EDFD-41AD-88C2-04E8493E03D7}.Release|x86.ActiveCfg = Release|Any CPU
		{909A442C-A134-444E-BDDB-5C4B7F333BC4}.Debug|Any CPU.ActiveCfg = Debug|Any CPU
		{909A442C-A134-444E-BDDB-5C4B7F333BC4}.Debug|Any CPU.Build.0 = Debug|Any CPU
		{909A442C-A134-444E-BDDB-5C4B7F333BC4}.Debug|Mixed Platforms.ActiveCfg = Debug|Any CPU
		{909A442C-A134-444E-BDDB-5C4B7F333BC4}.Debug|Mixed Platforms.Build.0 = Debug|Any CPU
		{909A442C-A134-444E-BDDB-5C4B7F333BC4}.Debug|x86.ActiveCfg = Debug|Any CPU
		{909A442C-A134-444E-BDDB-5C4B7F333BC4}.Release|Any CPU.ActiveCfg = Release|Any CPU
		{909A442C-A134-444E-BDDB-5C4B7F333BC4}.Release|Any CPU.Build.0 = Release|Any CPU
		{909A442C-A134-444E-BDDB-5C4B7F333BC4}.Release|Mixed Platforms.ActiveCfg = Release|Any CPU
		{909A442C-A134-444E-BDDB-5C4B7F333BC4}.Release|Mixed Platforms.Build.0 = Release|Any CPU
		{909A442C-A134-444E-BDDB-5C4B7F333BC4}.Release|x86.ActiveCfg = Release|Any CPU
		{9EAF90DD-1B14-4A65-A0AA-37C1E8BBB954}.Debug|Any CPU.ActiveCfg = Debug|Any CPU
		{9EAF90DD-1B14-4A65-A0AA-37C1E8BBB954}.Debug|Any CPU.Build.0 = Debug|Any CPU
		{9EAF90DD-1B14-4A65-A0AA-37C1E8BBB954}.Debug|Mixed Platforms.ActiveCfg = Debug|Any CPU
		{9EAF90DD-1B14-4A65-A0AA-37C1E8BBB954}.Debug|Mixed Platforms.Build.0 = Debug|Any CPU
		{9EAF90DD-1B14-4A65-A0AA-37C1E8BBB954}.Debug|x86.ActiveCfg = Debug|Any CPU
		{9EAF90DD-1B14-4A65-A0AA-37C1E8BBB954}.Release|Any CPU.ActiveCfg = Release|Any CPU
		{9EAF90DD-1B14-4A65-A0AA-37C1E8BBB954}.Release|Any CPU.Build.0 = Release|Any CPU
		{9EAF90DD-1B14-4A65-A0AA-37C1E8BBB954}.Release|Mixed Platforms.ActiveCfg = Release|Any CPU
		{9EAF90DD-1B14-4A65-A0AA-37C1E8BBB954}.Release|Mixed Platforms.Build.0 = Release|Any CPU
		{9EAF90DD-1B14-4A65-A0AA-37C1E8BBB954}.Release|x86.ActiveCfg = Release|Any CPU
		{51C698D5-8CCF-468B-8C4E-DB615B4463C1}.Debug|Any CPU.ActiveCfg = Debug|Any CPU
		{51C698D5-8CCF-468B-8C4E-DB615B4463C1}.Debug|Any CPU.Build.0 = Debug|Any CPU
		{51C698D5-8CCF-468B-8C4E-DB615B4463C1}.Debug|Mixed Platforms.ActiveCfg = Debug|Any CPU
		{51C698D5-8CCF-468B-8C4E-DB615B4463C1}.Debug|Mixed Platforms.Build.0 = Debug|Any CPU
		{51C698D5-8CCF-468B-8C4E-DB615B4463C1}.Debug|x86.ActiveCfg = Debug|Any CPU
		{51C698D5-8CCF-468B-8C4E-DB615B4463C1}.Release|Any CPU.ActiveCfg = Release|Any CPU
		{51C698D5-8CCF-468B-8C4E-DB615B4463C1}.Release|Any CPU.Build.0 = Release|Any CPU
		{51C698D5-8CCF-468B-8C4E-DB615B4463C1}.Release|Mixed Platforms.ActiveCfg = Release|Any CPU
		{51C698D5-8CCF-468B-8C4E-DB615B4463C1}.Release|Mixed Platforms.Build.0 = Release|Any CPU
		{51C698D5-8CCF-468B-8C4E-DB615B4463C1}.Release|x86.ActiveCfg = Release|Any CPU
		{4048FE0B-50A6-46AD-B633-0E65883E8C3E}.Debug|Any CPU.ActiveCfg = Debug|Any CPU
		{4048FE0B-50A6-46AD-B633-0E65883E8C3E}.Debug|Any CPU.Build.0 = Debug|Any CPU
		{4048FE0B-50A6-46AD-B633-0E65883E8C3E}.Debug|Mixed Platforms.ActiveCfg = Debug|Any CPU
		{4048FE0B-50A6-46AD-B633-0E65883E8C3E}.Debug|Mixed Platforms.Build.0 = Debug|Any CPU
		{4048FE0B-50A6-46AD-B633-0E65883E8C3E}.Debug|x86.ActiveCfg = Debug|Any CPU
		{4048FE0B-50A6-46AD-B633-0E65883E8C3E}.Release|Any CPU.ActiveCfg = Release|Any CPU
		{4048FE0B-50A6-46AD-B633-0E65883E8C3E}.Release|Any CPU.Build.0 = Release|Any CPU
		{4048FE0B-50A6-46AD-B633-0E65883E8C3E}.Release|Mixed Platforms.ActiveCfg = Release|Any CPU
		{4048FE0B-50A6-46AD-B633-0E65883E8C3E}.Release|Mixed Platforms.Build.0 = Release|Any CPU
		{4048FE0B-50A6-46AD-B633-0E65883E8C3E}.Release|x86.ActiveCfg = Release|Any CPU
		{0F069E27-C089-4EF1-B466-84C78EBA83AD}.Debug|Any CPU.ActiveCfg = Debug|Any CPU
		{0F069E27-C089-4EF1-B466-84C78EBA83AD}.Debug|Any CPU.Build.0 = Debug|Any CPU
		{0F069E27-C089-4EF1-B466-84C78EBA83AD}.Debug|Mixed Platforms.ActiveCfg = Debug|Any CPU
		{0F069E27-C089-4EF1-B466-84C78EBA83AD}.Debug|Mixed Platforms.Build.0 = Debug|Any CPU
		{0F069E27-C089-4EF1-B466-84C78EBA83AD}.Debug|x86.ActiveCfg = Debug|Any CPU
		{0F069E27-C089-4EF1-B466-84C78EBA83AD}.Release|Any CPU.ActiveCfg = Release|Any CPU
		{0F069E27-C089-4EF1-B466-84C78EBA83AD}.Release|Any CPU.Build.0 = Release|Any CPU
		{0F069E27-C089-4EF1-B466-84C78EBA83AD}.Release|Mixed Platforms.ActiveCfg = Release|Any CPU
		{0F069E27-C089-4EF1-B466-84C78EBA83AD}.Release|Mixed Platforms.Build.0 = Release|Any CPU
		{0F069E27-C089-4EF1-B466-84C78EBA83AD}.Release|x86.ActiveCfg = Release|Any CPU
		{63EAC41D-65DA-4E14-95B0-BEAE86442F4F}.Debug|Any CPU.ActiveCfg = Debug|Any CPU
		{63EAC41D-65DA-4E14-95B0-BEAE86442F4F}.Debug|Any CPU.Build.0 = Debug|Any CPU
		{63EAC41D-65DA-4E14-95B0-BEAE86442F4F}.Debug|Mixed Platforms.ActiveCfg = Debug|Any CPU
		{63EAC41D-65DA-4E14-95B0-BEAE86442F4F}.Debug|Mixed Platforms.Build.0 = Debug|Any CPU
		{63EAC41D-65DA-4E14-95B0-BEAE86442F4F}.Debug|x86.ActiveCfg = Debug|Any CPU
		{63EAC41D-65DA-4E14-95B0-BEAE86442F4F}.Release|Any CPU.ActiveCfg = Release|Any CPU
		{63EAC41D-65DA-4E14-95B0-BEAE86442F4F}.Release|Any CPU.Build.0 = Release|Any CPU
		{63EAC41D-65DA-4E14-95B0-BEAE86442F4F}.Release|Mixed Platforms.ActiveCfg = Release|Any CPU
		{63EAC41D-65DA-4E14-95B0-BEAE86442F4F}.Release|Mixed Platforms.Build.0 = Release|Any CPU
		{63EAC41D-65DA-4E14-95B0-BEAE86442F4F}.Release|x86.ActiveCfg = Release|Any CPU
		{33A00A93-90BB-40FC-93C4-B35296DA0EA2}.Debug|Any CPU.ActiveCfg = Debug|Any CPU
		{33A00A93-90BB-40FC-93C4-B35296DA0EA2}.Debug|Any CPU.Build.0 = Debug|Any CPU
		{33A00A93-90BB-40FC-93C4-B35296DA0EA2}.Debug|Mixed Platforms.ActiveCfg = Debug|Any CPU
		{33A00A93-90BB-40FC-93C4-B35296DA0EA2}.Debug|Mixed Platforms.Build.0 = Debug|Any CPU
		{33A00A93-90BB-40FC-93C4-B35296DA0EA2}.Debug|x86.ActiveCfg = Debug|Any CPU
		{33A00A93-90BB-40FC-93C4-B35296DA0EA2}.Release|Any CPU.ActiveCfg = Release|Any CPU
		{33A00A93-90BB-40FC-93C4-B35296DA0EA2}.Release|Any CPU.Build.0 = Release|Any CPU
		{33A00A93-90BB-40FC-93C4-B35296DA0EA2}.Release|Mixed Platforms.ActiveCfg = Release|Any CPU
		{33A00A93-90BB-40FC-93C4-B35296DA0EA2}.Release|Mixed Platforms.Build.0 = Release|Any CPU
		{33A00A93-90BB-40FC-93C4-B35296DA0EA2}.Release|x86.ActiveCfg = Release|Any CPU
		{69322951-8ABC-4C13-8E0C-D8AEECF62E66}.Debug|Any CPU.ActiveCfg = Debug|Any CPU
		{69322951-8ABC-4C13-8E0C-D8AEECF62E66}.Debug|Any CPU.Build.0 = Debug|Any CPU
		{69322951-8ABC-4C13-8E0C-D8AEECF62E66}.Debug|Mixed Platforms.ActiveCfg = Debug|Any CPU
		{69322951-8ABC-4C13-8E0C-D8AEECF62E66}.Debug|Mixed Platforms.Build.0 = Debug|Any CPU
		{69322951-8ABC-4C13-8E0C-D8AEECF62E66}.Debug|x86.ActiveCfg = Debug|Any CPU
		{69322951-8ABC-4C13-8E0C-D8AEECF62E66}.Release|Any CPU.ActiveCfg = Release|Any CPU
		{69322951-8ABC-4C13-8E0C-D8AEECF62E66}.Release|Any CPU.Build.0 = Release|Any CPU
		{69322951-8ABC-4C13-8E0C-D8AEECF62E66}.Release|Mixed Platforms.ActiveCfg = Release|Any CPU
		{69322951-8ABC-4C13-8E0C-D8AEECF62E66}.Release|Mixed Platforms.Build.0 = Release|Any CPU
		{69322951-8ABC-4C13-8E0C-D8AEECF62E66}.Release|x86.ActiveCfg = Release|Any CPU
		{9B71D572-2FDF-41BE-8C38-1317E7632F14}.Debug|Any CPU.ActiveCfg = Debug|Any CPU
		{9B71D572-2FDF-41BE-8C38-1317E7632F14}.Debug|Any CPU.Build.0 = Debug|Any CPU
		{9B71D572-2FDF-41BE-8C38-1317E7632F14}.Debug|Mixed Platforms.ActiveCfg = Debug|Any CPU
		{9B71D572-2FDF-41BE-8C38-1317E7632F14}.Debug|Mixed Platforms.Build.0 = Debug|Any CPU
		{9B71D572-2FDF-41BE-8C38-1317E7632F14}.Debug|x86.ActiveCfg = Debug|Any CPU
		{9B71D572-2FDF-41BE-8C38-1317E7632F14}.Release|Any CPU.ActiveCfg = Release|Any CPU
		{9B71D572-2FDF-41BE-8C38-1317E7632F14}.Release|Any CPU.Build.0 = Release|Any CPU
		{9B71D572-2FDF-41BE-8C38-1317E7632F14}.Release|Mixed Platforms.ActiveCfg = Release|Any CPU
		{9B71D572-2FDF-41BE-8C38-1317E7632F14}.Release|Mixed Platforms.Build.0 = Release|Any CPU
		{9B71D572-2FDF-41BE-8C38-1317E7632F14}.Release|x86.ActiveCfg = Release|Any CPU
		{A8883E0B-3CB0-4CE6-BAB0-ADCA79C274A4}.Debug|Any CPU.ActiveCfg = Debug|Any CPU
		{A8883E0B-3CB0-4CE6-BAB0-ADCA79C274A4}.Debug|Any CPU.Build.0 = Debug|Any CPU
		{A8883E0B-3CB0-4CE6-BAB0-ADCA79C274A4}.Debug|Mixed Platforms.ActiveCfg = Debug|Any CPU
		{A8883E0B-3CB0-4CE6-BAB0-ADCA79C274A4}.Debug|Mixed Platforms.Build.0 = Debug|Any CPU
		{A8883E0B-3CB0-4CE6-BAB0-ADCA79C274A4}.Debug|x86.ActiveCfg = Debug|Any CPU
		{A8883E0B-3CB0-4CE6-BAB0-ADCA79C274A4}.Release|Any CPU.ActiveCfg = Release|Any CPU
		{A8883E0B-3CB0-4CE6-BAB0-ADCA79C274A4}.Release|Any CPU.Build.0 = Release|Any CPU
		{A8883E0B-3CB0-4CE6-BAB0-ADCA79C274A4}.Release|Mixed Platforms.ActiveCfg = Release|Any CPU
		{A8883E0B-3CB0-4CE6-BAB0-ADCA79C274A4}.Release|Mixed Platforms.Build.0 = Release|Any CPU
		{A8883E0B-3CB0-4CE6-BAB0-ADCA79C274A4}.Release|x86.ActiveCfg = Release|Any CPU
		{2808FB4B-2A43-4A56-AE7F-A53793EA802F}.Debug|Any CPU.ActiveCfg = Debug|Any CPU
		{2808FB4B-2A43-4A56-AE7F-A53793EA802F}.Debug|Any CPU.Build.0 = Debug|Any CPU
		{2808FB4B-2A43-4A56-AE7F-A53793EA802F}.Debug|Mixed Platforms.ActiveCfg = Debug|Any CPU
		{2808FB4B-2A43-4A56-AE7F-A53793EA802F}.Debug|Mixed Platforms.Build.0 = Debug|Any CPU
		{2808FB4B-2A43-4A56-AE7F-A53793EA802F}.Debug|x86.ActiveCfg = Debug|Any CPU
		{2808FB4B-2A43-4A56-AE7F-A53793EA802F}.Release|Any CPU.ActiveCfg = Release|Any CPU
		{2808FB4B-2A43-4A56-AE7F-A53793EA802F}.Release|Any CPU.Build.0 = Release|Any CPU
		{2808FB4B-2A43-4A56-AE7F-A53793EA802F}.Release|Mixed Platforms.ActiveCfg = Release|Any CPU
		{2808FB4B-2A43-4A56-AE7F-A53793EA802F}.Release|Mixed Platforms.Build.0 = Release|Any CPU
		{2808FB4B-2A43-4A56-AE7F-A53793EA802F}.Release|x86.ActiveCfg = Release|Any CPU
		{2C49E348-D15C-4271-9651-8B599776B291}.Debug|Any CPU.ActiveCfg = Debug|Any CPU
		{2C49E348-D15C-4271-9651-8B599776B291}.Debug|Any CPU.Build.0 = Debug|Any CPU
		{2C49E348-D15C-4271-9651-8B599776B291}.Debug|Mixed Platforms.ActiveCfg = Debug|Any CPU
		{2C49E348-D15C-4271-9651-8B599776B291}.Debug|Mixed Platforms.Build.0 = Debug|Any CPU
		{2C49E348-D15C-4271-9651-8B599776B291}.Debug|x86.ActiveCfg = Debug|Any CPU
		{2C49E348-D15C-4271-9651-8B599776B291}.Release|Any CPU.ActiveCfg = Release|Any CPU
		{2C49E348-D15C-4271-9651-8B599776B291}.Release|Any CPU.Build.0 = Release|Any CPU
		{2C49E348-D15C-4271-9651-8B599776B291}.Release|Mixed Platforms.ActiveCfg = Release|Any CPU
		{2C49E348-D15C-4271-9651-8B599776B291}.Release|Mixed Platforms.Build.0 = Release|Any CPU
		{2C49E348-D15C-4271-9651-8B599776B291}.Release|x86.ActiveCfg = Release|Any CPU
	EndGlobalSection
	GlobalSection(SolutionProperties) = preSolution
		HideSolutionNode = FALSE
	EndGlobalSection
	GlobalSection(NestedProjects) = preSolution
		{B46666A1-9210-4DBB-94C7-8D0BF1184174} = {C10D5E3E-F927-4C4F-88D1-57F8D0F2503A}
		{83E4080A-DD14-472D-9366-4AEBA3FFED7F} = {C10D5E3E-F927-4C4F-88D1-57F8D0F2503A}
		{63EAC41D-65DA-4E14-95B0-BEAE86442F4F} = {C10D5E3E-F927-4C4F-88D1-57F8D0F2503A}
		{92CA776A-F4D0-40C5-B089-6D9299F36E38} = {B46666A1-9210-4DBB-94C7-8D0BF1184174}
		{37CD22D9-EDFD-41AD-88C2-04E8493E03D7} = {B46666A1-9210-4DBB-94C7-8D0BF1184174}
		{909A442C-A134-444E-BDDB-5C4B7F333BC4} = {B46666A1-9210-4DBB-94C7-8D0BF1184174}
		{23F69243-A08B-485A-A78E-CAEFFB3028E2} = {B46666A1-9210-4DBB-94C7-8D0BF1184174}
		{69322951-8ABC-4C13-8E0C-D8AEECF62E66} = {8A9DF91F-BCE3-48DF-91F5-EFC9EAD43941}
		{9B71D572-2FDF-41BE-8C38-1317E7632F14} = {8A9DF91F-BCE3-48DF-91F5-EFC9EAD43941}
		{9EAF90DD-1B14-4A65-A0AA-37C1E8BBB954} = {8A9DF91F-BCE3-48DF-91F5-EFC9EAD43941}
		{2808FB4B-2A43-4A56-AE7F-A53793EA802F} = {8A9DF91F-BCE3-48DF-91F5-EFC9EAD43941}
		{2C49E348-D15C-4271-9651-8B599776B291} = {8A9DF91F-BCE3-48DF-91F5-EFC9EAD43941}
		{A8883E0B-3CB0-4CE6-BAB0-ADCA79C274A4} = {8A9DF91F-BCE3-48DF-91F5-EFC9EAD43941}
		{4048FE0B-50A6-46AD-B633-0E65883E8C3E} = {83E4080A-DD14-472D-9366-4AEBA3FFED7F}
		{0F069E27-C089-4EF1-B466-84C78EBA83AD} = {83E4080A-DD14-472D-9366-4AEBA3FFED7F}
		{33A00A93-90BB-40FC-93C4-B35296DA0EA2} = {83E4080A-DD14-472D-9366-4AEBA3FFED7F}
		{51C698D5-8CCF-468B-8C4E-DB615B4463C1} = {83E4080A-DD14-472D-9366-4AEBA3FFED7F}
	EndGlobalSection
	GlobalSection(ExtensibilityGlobals) = postSolution
		EnterpriseLibraryConfigurationToolBinariesPath = packages\Unity.2.1.505.2\lib\NET35
	EndGlobalSection
EndGlobal
